// !$*UTF8*$!
{
	archiveVersion = 1;
	classes = {
	};
	objectVersion = 56;
	objects = {

/* Begin PBXBuildFile section */
		8C2451782B1A2CE1007B33B4 /* CustomStackView.swift in Sources */ = {isa = PBXBuildFile; fileRef = 8C2451772B1A2CE1007B33B4 /* CustomStackView.swift */; };
		8C24517A2B1B5668007B33B4 /* SignUpViewModelTests.swift in Sources */ = {isa = PBXBuildFile; fileRef = 8C2451792B1B5668007B33B4 /* SignUpViewModelTests.swift */; };
		8C30048E2B3EE73500E0AAD8 /* EndPoint.swift in Sources */ = {isa = PBXBuildFile; fileRef = 8C30048D2B3EE73500E0AAD8 /* EndPoint.swift */; };
		8C3004902B3EE74D00E0AAD8 /* APIRequest.swift in Sources */ = {isa = PBXBuildFile; fileRef = 8C30048F2B3EE74D00E0AAD8 /* APIRequest.swift */; };
		8C3004922B3EE77900E0AAD8 /* APIComponents.swift in Sources */ = {isa = PBXBuildFile; fileRef = 8C3004912B3EE77900E0AAD8 /* APIComponents.swift */; };
		8C3004982B4518F100E0AAD8 /* MovieInputFormViewController.swift in Sources */ = {isa = PBXBuildFile; fileRef = 8C3004972B4518F100E0AAD8 /* MovieInputFormViewController.swift */; };
		8C30049A2B45323800E0AAD8 /* CustomInputFormLabel.swift in Sources */ = {isa = PBXBuildFile; fileRef = 8C3004992B45323800E0AAD8 /* CustomInputFormLabel.swift */; };
		8C30049C2B454E1B00E0AAD8 /* CustomInputFormTextField.swift in Sources */ = {isa = PBXBuildFile; fileRef = 8C30049B2B454E1B00E0AAD8 /* CustomInputFormTextField.swift */; };
		8C399A6D2B106E5B00626B0D /* GoogleService-Info.plist in Resources */ = {isa = PBXBuildFile; fileRef = 8C399A6C2B106E5B00626B0D /* GoogleService-Info.plist */; };
		8C399A782B1077ED00626B0D /* HomeViewController.swift in Sources */ = {isa = PBXBuildFile; fileRef = 8C399A772B1077ED00626B0D /* HomeViewController.swift */; };
		8C399A7D2B1081ED00626B0D /* Toast in Frameworks */ = {isa = PBXBuildFile; productRef = 8C399A7C2B1081ED00626B0D /* Toast */; };
		8C399A802B1087FF00626B0D /* User.swift in Sources */ = {isa = PBXBuildFile; fileRef = 8C399A7F2B1087FF00626B0D /* User.swift */; };
		8C399A832B10887000626B0D /* FirebaseManager.swift in Sources */ = {isa = PBXBuildFile; fileRef = 8C399A822B10886F00626B0D /* FirebaseManager.swift */; };
		8C399A8D2B1089AD00626B0D /* FirebaseAnalytics in Frameworks */ = {isa = PBXBuildFile; productRef = 8C399A8C2B1089AD00626B0D /* FirebaseAnalytics */; };
		8C399A8F2B1089AD00626B0D /* FirebaseAuth in Frameworks */ = {isa = PBXBuildFile; productRef = 8C399A8E2B1089AD00626B0D /* FirebaseAuth */; };
		8C399A912B1089AD00626B0D /* FirebaseFirestore in Frameworks */ = {isa = PBXBuildFile; productRef = 8C399A902B1089AD00626B0D /* FirebaseFirestore */; };
		8C399A932B1089AD00626B0D /* FirebaseFirestoreSwift in Frameworks */ = {isa = PBXBuildFile; productRef = 8C399A922B1089AD00626B0D /* FirebaseFirestoreSwift */; };
		8C399A952B1089AD00626B0D /* FirebaseStorage in Frameworks */ = {isa = PBXBuildFile; productRef = 8C399A942B1089AD00626B0D /* FirebaseStorage */; };
		8C5307F02B567D9300B03A45 /* TabViewController.swift in Sources */ = {isa = PBXBuildFile; fileRef = 8C5307EF2B567D9300B03A45 /* TabViewController.swift */; };
		8C5307F32B56A61700B03A45 /* CalendarViewController.swift in Sources */ = {isa = PBXBuildFile; fileRef = 8C5307F22B56A61700B03A45 /* CalendarViewController.swift */; };
		8C5307F52B5958BA00B03A45 /* FirestorageManager.swift in Sources */ = {isa = PBXBuildFile; fileRef = 8C5307F42B5958BA00B03A45 /* FirestorageManager.swift */; };
		8C55563E2BAC115700FA83B3 /* MovieLog_Resource.framework in Frameworks */ = {isa = PBXBuildFile; fileRef = 8C5556312BAC0FFE00FA83B3 /* MovieLog_Resource.framework */; };
		8C55563F2BAC115700FA83B3 /* MovieLog_Resource.framework in Embed Frameworks */ = {isa = PBXBuildFile; fileRef = 8C5556312BAC0FFE00FA83B3 /* MovieLog_Resource.framework */; settings = {ATTRIBUTES = (CodeSignOnCopy, RemoveHeadersOnCopy, ); }; };
		8C55564A2BAC30F000FA83B3 /* ReviewDetailViewController.swift in Sources */ = {isa = PBXBuildFile; fileRef = 8C5556492BAC30F000FA83B3 /* ReviewDetailViewController.swift */; };
		8C55564C2BAC4FAE00FA83B3 /* ReviewDetailViewModel.swift in Sources */ = {isa = PBXBuildFile; fileRef = 8C55564B2BAC4FAE00FA83B3 /* ReviewDetailViewModel.swift */; };
		8C5556622BBC348C00FA83B3 /* BoxOfficeViewController.swift in Sources */ = {isa = PBXBuildFile; fileRef = 8C5556612BBC348C00FA83B3 /* BoxOfficeViewController.swift */; };
		8C5556652BBD454400FA83B3 /* BoxOfficeCell.swift in Sources */ = {isa = PBXBuildFile; fileRef = 8C5556642BBD454400FA83B3 /* BoxOfficeCell.swift */; };
		8C6A49982B0375C000EE3AEE /* AppDelegate.swift in Sources */ = {isa = PBXBuildFile; fileRef = 8C6A49972B0375C000EE3AEE /* AppDelegate.swift */; };
		8C6A499A2B0375C000EE3AEE /* SceneDelegate.swift in Sources */ = {isa = PBXBuildFile; fileRef = 8C6A49992B0375C000EE3AEE /* SceneDelegate.swift */; };
		8C6A499C2B0375C000EE3AEE /* LoginViewController.swift in Sources */ = {isa = PBXBuildFile; fileRef = 8C6A499B2B0375C000EE3AEE /* LoginViewController.swift */; };
		8C6A49A42B0375C400EE3AEE /* LaunchScreen.storyboard in Resources */ = {isa = PBXBuildFile; fileRef = 8C6A49A22B0375C400EE3AEE /* LaunchScreen.storyboard */; };
		8C6A49AF2B0375C400EE3AEE /* MovieLogTests.swift in Sources */ = {isa = PBXBuildFile; fileRef = 8C6A49AE2B0375C400EE3AEE /* MovieLogTests.swift */; };
		8C6A49B92B0375C400EE3AEE /* MovieLogUITests.swift in Sources */ = {isa = PBXBuildFile; fileRef = 8C6A49B82B0375C400EE3AEE /* MovieLogUITests.swift */; };
		8C6A49BB2B0375C400EE3AEE /* MovieLogUITestsLaunchTests.swift in Sources */ = {isa = PBXBuildFile; fileRef = 8C6A49BA2B0375C400EE3AEE /* MovieLogUITestsLaunchTests.swift */; };
		8C6A49E62B078E6E00EE3AEE /* SnapKit in Frameworks */ = {isa = PBXBuildFile; productRef = 8C6A49E52B078E6E00EE3AEE /* SnapKit */; };
		8C6A49E92B0794B100EE3AEE /* Then in Frameworks */ = {isa = PBXBuildFile; productRef = 8C6A49E82B0794B100EE3AEE /* Then */; };
		8C6A49EC2B079D1700EE3AEE /* ContentViewPreview.swift in Sources */ = {isa = PBXBuildFile; fileRef = 8C6A49EB2B079D1700EE3AEE /* ContentViewPreview.swift */; };
		8C6A49F02B08AE1700EE3AEE /* InfoFindView.swift in Sources */ = {isa = PBXBuildFile; fileRef = 8C6A49EF2B08AE1700EE3AEE /* InfoFindView.swift */; };
		8C6A49F32B0C7CC900EE3AEE /* SignUpViewController.swift in Sources */ = {isa = PBXBuildFile; fileRef = 8C6A49F22B0C7CC900EE3AEE /* SignUpViewController.swift */; };
		8C78DBF52B0E435D0022BCFB /* ControlEventPublisher.swift in Sources */ = {isa = PBXBuildFile; fileRef = 8C78DBF42B0E435D0022BCFB /* ControlEventPublisher.swift */; };
		8C78DBF72B0F216C0022BCFB /* LoginHeaderView.swift in Sources */ = {isa = PBXBuildFile; fileRef = 8C78DBF62B0F216C0022BCFB /* LoginHeaderView.swift */; };
		8C78DBF92B0F2B0B0022BCFB /* CustomTextField.swift in Sources */ = {isa = PBXBuildFile; fileRef = 8C78DBF82B0F2B0B0022BCFB /* CustomTextField.swift */; };
		8C78DBFB2B0F39B30022BCFB /* CustomButton.swift in Sources */ = {isa = PBXBuildFile; fileRef = 8C78DBFA2B0F39B30022BCFB /* CustomButton.swift */; };
		8C78DBFD2B0F55270022BCFB /* SignUpHeaderView.swift in Sources */ = {isa = PBXBuildFile; fileRef = 8C78DBFC2B0F55270022BCFB /* SignUpHeaderView.swift */; };
		8C7966622B6260A600A1E93D /* CalendarCell.swift in Sources */ = {isa = PBXBuildFile; fileRef = 8C7966612B6260A600A1E93D /* CalendarCell.swift */; };
		8C7966642B6947E300A1E93D /* DateFormatterManager.swift in Sources */ = {isa = PBXBuildFile; fileRef = 8C7966632B6947E300A1E93D /* DateFormatterManager.swift */; };
		8C7966682B6B86EA00A1E93D /* ChartViewController.swift in Sources */ = {isa = PBXBuildFile; fileRef = 8C7966672B6B86EA00A1E93D /* ChartViewController.swift */; };
		8C7966722B6B97C700A1E93D /* DGCharts in Frameworks */ = {isa = PBXBuildFile; productRef = 8C7966712B6B97C700A1E93D /* DGCharts */; };
		8C8006082B1EFF7A004512F9 /* CustomCheckbox.swift in Sources */ = {isa = PBXBuildFile; fileRef = 8C8006072B1EFF7A004512F9 /* CustomCheckbox.swift */; };
		8C80060A2B1F10DB004512F9 /* LoginViewModel.swift in Sources */ = {isa = PBXBuildFile; fileRef = 8C8006092B1F10DB004512F9 /* LoginViewModel.swift */; };
		8C80060F2B20D8A5004512F9 /* AppleAuthentication.swift in Sources */ = {isa = PBXBuildFile; fileRef = 8C80060E2B20D8A5004512F9 /* AppleAuthentication.swift */; };
		8C86B7B82B600B24003F70AA /* FSCalendar in Frameworks */ = {isa = PBXBuildFile; productRef = 8C86B7B72B600B24003F70AA /* FSCalendar */; };
		8C86B7BA2B60FBD4003F70AA /* CalendarViewModel.swift in Sources */ = {isa = PBXBuildFile; fileRef = 8C86B7B92B60FBD4003F70AA /* CalendarViewModel.swift */; };
		8C9D8B732B7D1F9F0079D79F /* SettingViewModel.swift in Sources */ = {isa = PBXBuildFile; fileRef = 8C9D8B722B7D1F9F0079D79F /* SettingViewModel.swift */; };
		8CA7B08F2B85B44600297F3F /* AuthManager.swift in Sources */ = {isa = PBXBuildFile; fileRef = 8CA7B08E2B85B44600297F3F /* AuthManager.swift */; };
		8CB935BA2B501BF400D001A5 /* Kingfisher in Frameworks */ = {isa = PBXBuildFile; productRef = 8CB935B92B501BF400D001A5 /* Kingfisher */; };
		8CB935BC2B5165CE00D001A5 /* CustomPosterButton.swift in Sources */ = {isa = PBXBuildFile; fileRef = 8CB935BB2B5165CE00D001A5 /* CustomPosterButton.swift */; };
		8CBC6AD22B73C668007F4949 /* SettingViewController.swift in Sources */ = {isa = PBXBuildFile; fileRef = 8CBC6AD12B73C668007F4949 /* SettingViewController.swift */; };
		8CC4EB252B457278002B51E0 /* MovieInputFormHeaderView.swift in Sources */ = {isa = PBXBuildFile; fileRef = 8CC4EB242B457278002B51E0 /* MovieInputFormHeaderView.swift */; };
		8CC4EB272B472E7E002B51E0 /* WriteViewModel.swift in Sources */ = {isa = PBXBuildFile; fileRef = 8CC4EB262B472E7E002B51E0 /* WriteViewModel.swift */; };
		8CC4EB292B49358D002B51E0 /* Poster.swift in Sources */ = {isa = PBXBuildFile; fileRef = 8CC4EB282B49358D002B51E0 /* Poster.swift */; };
		8CC4EB2B2B49544C002B51E0 /* Review.swift in Sources */ = {isa = PBXBuildFile; fileRef = 8CC4EB2A2B49544C002B51E0 /* Review.swift */; };
		8CC4EB2D2B495BD6002B51E0 /* HomeViewModel.swift in Sources */ = {isa = PBXBuildFile; fileRef = 8CC4EB2C2B495BD6002B51E0 /* HomeViewModel.swift */; };
		8CC4EB302B497AD0002B51E0 /* ReviewService.swift in Sources */ = {isa = PBXBuildFile; fileRef = 8CC4EB2F2B497AD0002B51E0 /* ReviewService.swift */; };
		8CC5E94E2BBE6321009557A8 /* BoxOffice.swift in Sources */ = {isa = PBXBuildFile; fileRef = 8CC5E94D2BBE6321009557A8 /* BoxOffice.swift */; };
		8CC5E9512BBE6D5C009557A8 /* BoxOfficeViewModel.swift in Sources */ = {isa = PBXBuildFile; fileRef = 8CC5E9502BBE6D5C009557A8 /* BoxOfficeViewModel.swift */; };
		8CC5E9532BC6CB29009557A8 /* LoadingCell.swift in Sources */ = {isa = PBXBuildFile; fileRef = 8CC5E9522BC6CB28009557A8 /* LoadingCell.swift */; };
		8CC5E9572BC91E34009557A8 /* Localizable.strings in Resources */ = {isa = PBXBuildFile; fileRef = 8CC5E9552BC91E34009557A8 /* Localizable.strings */; };
		8CC7551E2B11DC61003FB4ED /* SignUpViewModel.swift in Sources */ = {isa = PBXBuildFile; fileRef = 8CC7551D2B11DC61003FB4ED /* SignUpViewModel.swift */; };
		8CC755212B11DFDE003FB4ED /* String+Extension.swift in Sources */ = {isa = PBXBuildFile; fileRef = 8CC755202B11DFDE003FB4ED /* String+Extension.swift */; };
		8CC755232B18EE53003FB4ED /* UITextField+Extension.swift in Sources */ = {isa = PBXBuildFile; fileRef = 8CC755222B18EE53003FB4ED /* UITextField+Extension.swift */; };
		8CC755252B19BA9C003FB4ED /* CustomLabel.swift in Sources */ = {isa = PBXBuildFile; fileRef = 8CC755242B19BA9C003FB4ED /* CustomLabel.swift */; };
		8CECBC992B32A31500FE6EA7 /* HomeCell.swift in Sources */ = {isa = PBXBuildFile; fileRef = 8CECBC982B32A31500FE6EA7 /* HomeCell.swift */; };
		8CECBC9F2B345C5F00FE6EA7 /* SearchViewController.swift in Sources */ = {isa = PBXBuildFile; fileRef = 8CECBC9E2B345C5F00FE6EA7 /* SearchViewController.swift */; };
		8CECBCA12B345CEC00FE6EA7 /* SearchCell.swift in Sources */ = {isa = PBXBuildFile; fileRef = 8CECBCA02B345CEC00FE6EA7 /* SearchCell.swift */; };
		8CECBCA42B356AAC00FE6EA7 /* HowViewController.swift in Sources */ = {isa = PBXBuildFile; fileRef = 8CECBCA32B356AAC00FE6EA7 /* HowViewController.swift */; };
		8CECBCA62B356F4100FE6EA7 /* CustomLikeButton.swift in Sources */ = {isa = PBXBuildFile; fileRef = 8CECBCA52B356F4100FE6EA7 /* CustomLikeButton.swift */; };
		8CECBCA82B35E19B00FE6EA7 /* WhatViewController.swift in Sources */ = {isa = PBXBuildFile; fileRef = 8CECBCA72B35E19B00FE6EA7 /* WhatViewController.swift */; };
		8CECBCAA2B36ADAE00FE6EA7 /* CustomSelectButton.swift in Sources */ = {isa = PBXBuildFile; fileRef = 8CECBCA92B36ADAE00FE6EA7 /* CustomSelectButton.swift */; };
		8CECBCAC2B37105500FE6EA7 /* UIImage+Extension.swift in Sources */ = {isa = PBXBuildFile; fileRef = 8CECBCAB2B37105500FE6EA7 /* UIImage+Extension.swift */; };
		8CECBCB02B3B0C2B00FE6EA7 /* WriteViewController.swift in Sources */ = {isa = PBXBuildFile; fileRef = 8CECBCAF2B3B0C2B00FE6EA7 /* WriteViewController.swift */; };
		8CECBCB32B3D57CA00FE6EA7 /* NetworkManager.swift in Sources */ = {isa = PBXBuildFile; fileRef = 8CECBCB22B3D57CA00FE6EA7 /* NetworkManager.swift */; };
		8CECBCB72B3D58A800FE6EA7 /* Publisher+Utils.swift in Sources */ = {isa = PBXBuildFile; fileRef = 8CECBCB62B3D58A800FE6EA7 /* Publisher+Utils.swift */; };
		8CECBCB92B3DA8AE00FE6EA7 /* URLSessionDataTaskProtocol.swift in Sources */ = {isa = PBXBuildFile; fileRef = 8CECBCB82B3DA8AE00FE6EA7 /* URLSessionDataTaskProtocol.swift */; };
		8CECBCBB2B3DA8C400FE6EA7 /* URLSessionProtocol.swift in Sources */ = {isa = PBXBuildFile; fileRef = 8CECBCBA2B3DA8C400FE6EA7 /* URLSessionProtocol.swift */; };
		8CECBCBD2B3DD4AB00FE6EA7 /* SearchViewModel.swift in Sources */ = {isa = PBXBuildFile; fileRef = 8CECBCBC2B3DD4AB00FE6EA7 /* SearchViewModel.swift */; };
		8CECBCBF2B3DD79D00FE6EA7 /* Search.swift in Sources */ = {isa = PBXBuildFile; fileRef = 8CECBCBE2B3DD79D00FE6EA7 /* Search.swift */; };
		8CECBCC12B3DE03600FE6EA7 /* SearchResponse.swift in Sources */ = {isa = PBXBuildFile; fileRef = 8CECBCC02B3DE03600FE6EA7 /* SearchResponse.swift */; };
		8CFD0A562B6BE517001F66F4 /* ChartViewModel.swift in Sources */ = {isa = PBXBuildFile; fileRef = 8CFD0A552B6BE517001F66F4 /* ChartViewModel.swift */; };
/* End PBXBuildFile section */

/* Begin PBXContainerItemProxy section */
		8C5556302BAC0FFE00FA83B3 /* PBXContainerItemProxy */ = {
			isa = PBXContainerItemProxy;
			containerPortal = 8C55562C2BAC0FFD00FA83B3 /* MovieLog_Resource.xcodeproj */;
			proxyType = 2;
			remoteGlobalIDString = 8C5556222BAC0FFD00FA83B3;
			remoteInfo = MovieLog_Resource;
		};
		8C6A49AB2B0375C400EE3AEE /* PBXContainerItemProxy */ = {
			isa = PBXContainerItemProxy;
			containerPortal = 8C6A498C2B0375C000EE3AEE /* Project object */;
			proxyType = 1;
			remoteGlobalIDString = 8C6A49932B0375C000EE3AEE;
			remoteInfo = MovieLog;
		};
		8C6A49B52B0375C400EE3AEE /* PBXContainerItemProxy */ = {
			isa = PBXContainerItemProxy;
			containerPortal = 8C6A498C2B0375C000EE3AEE /* Project object */;
			proxyType = 1;
			remoteGlobalIDString = 8C6A49932B0375C000EE3AEE;
			remoteInfo = MovieLog;
		};
/* End PBXContainerItemProxy section */

/* Begin PBXCopyFilesBuildPhase section */
		8C9AF3C72BAAC5C2007D4F9C /* Embed Frameworks */ = {
			isa = PBXCopyFilesBuildPhase;
			buildActionMask = 2147483647;
			dstPath = "";
			dstSubfolderSpec = 10;
			files = (
				8C55563F2BAC115700FA83B3 /* MovieLog_Resource.framework in Embed Frameworks */,
			);
			name = "Embed Frameworks";
			runOnlyForDeploymentPostprocessing = 0;
		};
/* End PBXCopyFilesBuildPhase section */

/* Begin PBXFileReference section */
		8C2451772B1A2CE1007B33B4 /* CustomStackView.swift */ = {isa = PBXFileReference; lastKnownFileType = sourcecode.swift; path = CustomStackView.swift; sourceTree = "<group>"; };
		8C2451792B1B5668007B33B4 /* SignUpViewModelTests.swift */ = {isa = PBXFileReference; lastKnownFileType = sourcecode.swift; path = SignUpViewModelTests.swift; sourceTree = "<group>"; };
		8C30048D2B3EE73500E0AAD8 /* EndPoint.swift */ = {isa = PBXFileReference; lastKnownFileType = sourcecode.swift; path = EndPoint.swift; sourceTree = "<group>"; };
		8C30048F2B3EE74D00E0AAD8 /* APIRequest.swift */ = {isa = PBXFileReference; lastKnownFileType = sourcecode.swift; path = APIRequest.swift; sourceTree = "<group>"; };
		8C3004912B3EE77900E0AAD8 /* APIComponents.swift */ = {isa = PBXFileReference; lastKnownFileType = sourcecode.swift; path = APIComponents.swift; sourceTree = "<group>"; };
		8C3004972B4518F100E0AAD8 /* MovieInputFormViewController.swift */ = {isa = PBXFileReference; lastKnownFileType = sourcecode.swift; path = MovieInputFormViewController.swift; sourceTree = "<group>"; };
		8C3004992B45323800E0AAD8 /* CustomInputFormLabel.swift */ = {isa = PBXFileReference; lastKnownFileType = sourcecode.swift; path = CustomInputFormLabel.swift; sourceTree = "<group>"; };
		8C30049B2B454E1B00E0AAD8 /* CustomInputFormTextField.swift */ = {isa = PBXFileReference; lastKnownFileType = sourcecode.swift; path = CustomInputFormTextField.swift; sourceTree = "<group>"; };
		8C399A6C2B106E5B00626B0D /* GoogleService-Info.plist */ = {isa = PBXFileReference; fileEncoding = 4; lastKnownFileType = text.plist.xml; path = "GoogleService-Info.plist"; sourceTree = "<group>"; };
		8C399A772B1077ED00626B0D /* HomeViewController.swift */ = {isa = PBXFileReference; lastKnownFileType = sourcecode.swift; path = HomeViewController.swift; sourceTree = "<group>"; };
		8C399A7F2B1087FF00626B0D /* User.swift */ = {isa = PBXFileReference; lastKnownFileType = sourcecode.swift; path = User.swift; sourceTree = "<group>"; };
		8C399A822B10886F00626B0D /* FirebaseManager.swift */ = {isa = PBXFileReference; lastKnownFileType = sourcecode.swift; path = FirebaseManager.swift; sourceTree = "<group>"; };
		8C5307EF2B567D9300B03A45 /* TabViewController.swift */ = {isa = PBXFileReference; lastKnownFileType = sourcecode.swift; path = TabViewController.swift; sourceTree = "<group>"; };
		8C5307F22B56A61700B03A45 /* CalendarViewController.swift */ = {isa = PBXFileReference; lastKnownFileType = sourcecode.swift; path = CalendarViewController.swift; sourceTree = "<group>"; };
		8C5307F42B5958BA00B03A45 /* FirestorageManager.swift */ = {isa = PBXFileReference; lastKnownFileType = sourcecode.swift; path = FirestorageManager.swift; sourceTree = "<group>"; };
		8C55562C2BAC0FFD00FA83B3 /* MovieLog_Resource.xcodeproj */ = {isa = PBXFileReference; lastKnownFileType = "wrapper.pb-project"; name = MovieLog_Resource.xcodeproj; path = ../../MovieLog_Resource/MovieLog_Resource.xcodeproj; sourceTree = "<group>"; };
		8C5556492BAC30F000FA83B3 /* ReviewDetailViewController.swift */ = {isa = PBXFileReference; lastKnownFileType = sourcecode.swift; path = ReviewDetailViewController.swift; sourceTree = "<group>"; };
		8C55564B2BAC4FAE00FA83B3 /* ReviewDetailViewModel.swift */ = {isa = PBXFileReference; lastKnownFileType = sourcecode.swift; path = ReviewDetailViewModel.swift; sourceTree = "<group>"; };
		8C5556612BBC348C00FA83B3 /* BoxOfficeViewController.swift */ = {isa = PBXFileReference; lastKnownFileType = sourcecode.swift; path = BoxOfficeViewController.swift; sourceTree = "<group>"; };
		8C5556642BBD454400FA83B3 /* BoxOfficeCell.swift */ = {isa = PBXFileReference; lastKnownFileType = sourcecode.swift; path = BoxOfficeCell.swift; sourceTree = "<group>"; };
		8C6A49942B0375C000EE3AEE /* MovieLog.app */ = {isa = PBXFileReference; explicitFileType = wrapper.application; includeInIndex = 0; path = MovieLog.app; sourceTree = BUILT_PRODUCTS_DIR; };
		8C6A49972B0375C000EE3AEE /* AppDelegate.swift */ = {isa = PBXFileReference; lastKnownFileType = sourcecode.swift; path = AppDelegate.swift; sourceTree = "<group>"; };
		8C6A49992B0375C000EE3AEE /* SceneDelegate.swift */ = {isa = PBXFileReference; lastKnownFileType = sourcecode.swift; path = SceneDelegate.swift; sourceTree = "<group>"; };
		8C6A499B2B0375C000EE3AEE /* LoginViewController.swift */ = {isa = PBXFileReference; lastKnownFileType = sourcecode.swift; path = LoginViewController.swift; sourceTree = "<group>"; };
		8C6A49A32B0375C400EE3AEE /* Base */ = {isa = PBXFileReference; lastKnownFileType = file.storyboard; name = Base; path = Base.lproj/LaunchScreen.storyboard; sourceTree = "<group>"; };
		8C6A49A52B0375C400EE3AEE /* Info.plist */ = {isa = PBXFileReference; lastKnownFileType = text.plist.xml; path = Info.plist; sourceTree = "<group>"; };
		8C6A49AA2B0375C400EE3AEE /* MovieLogTests.xctest */ = {isa = PBXFileReference; explicitFileType = wrapper.cfbundle; includeInIndex = 0; path = MovieLogTests.xctest; sourceTree = BUILT_PRODUCTS_DIR; };
		8C6A49AE2B0375C400EE3AEE /* MovieLogTests.swift */ = {isa = PBXFileReference; lastKnownFileType = sourcecode.swift; path = MovieLogTests.swift; sourceTree = "<group>"; };
		8C6A49B42B0375C400EE3AEE /* MovieLogUITests.xctest */ = {isa = PBXFileReference; explicitFileType = wrapper.cfbundle; includeInIndex = 0; path = MovieLogUITests.xctest; sourceTree = BUILT_PRODUCTS_DIR; };
		8C6A49B82B0375C400EE3AEE /* MovieLogUITests.swift */ = {isa = PBXFileReference; lastKnownFileType = sourcecode.swift; path = MovieLogUITests.swift; sourceTree = "<group>"; };
		8C6A49BA2B0375C400EE3AEE /* MovieLogUITestsLaunchTests.swift */ = {isa = PBXFileReference; lastKnownFileType = sourcecode.swift; path = MovieLogUITestsLaunchTests.swift; sourceTree = "<group>"; };
		8C6A49EB2B079D1700EE3AEE /* ContentViewPreview.swift */ = {isa = PBXFileReference; lastKnownFileType = sourcecode.swift; path = ContentViewPreview.swift; sourceTree = "<group>"; };
		8C6A49EF2B08AE1700EE3AEE /* InfoFindView.swift */ = {isa = PBXFileReference; lastKnownFileType = sourcecode.swift; path = InfoFindView.swift; sourceTree = "<group>"; };
		8C6A49F22B0C7CC900EE3AEE /* SignUpViewController.swift */ = {isa = PBXFileReference; lastKnownFileType = sourcecode.swift; path = SignUpViewController.swift; sourceTree = "<group>"; };
		8C78DBF42B0E435D0022BCFB /* ControlEventPublisher.swift */ = {isa = PBXFileReference; lastKnownFileType = sourcecode.swift; path = ControlEventPublisher.swift; sourceTree = "<group>"; };
		8C78DBF62B0F216C0022BCFB /* LoginHeaderView.swift */ = {isa = PBXFileReference; lastKnownFileType = sourcecode.swift; path = LoginHeaderView.swift; sourceTree = "<group>"; };
		8C78DBF82B0F2B0B0022BCFB /* CustomTextField.swift */ = {isa = PBXFileReference; lastKnownFileType = sourcecode.swift; path = CustomTextField.swift; sourceTree = "<group>"; };
		8C78DBFA2B0F39B30022BCFB /* CustomButton.swift */ = {isa = PBXFileReference; lastKnownFileType = sourcecode.swift; path = CustomButton.swift; sourceTree = "<group>"; };
		8C78DBFC2B0F55270022BCFB /* SignUpHeaderView.swift */ = {isa = PBXFileReference; lastKnownFileType = sourcecode.swift; path = SignUpHeaderView.swift; sourceTree = "<group>"; };
		8C7966612B6260A600A1E93D /* CalendarCell.swift */ = {isa = PBXFileReference; lastKnownFileType = sourcecode.swift; path = CalendarCell.swift; sourceTree = "<group>"; };
		8C7966632B6947E300A1E93D /* DateFormatterManager.swift */ = {isa = PBXFileReference; lastKnownFileType = sourcecode.swift; path = DateFormatterManager.swift; sourceTree = "<group>"; };
		8C7966672B6B86EA00A1E93D /* ChartViewController.swift */ = {isa = PBXFileReference; lastKnownFileType = sourcecode.swift; path = ChartViewController.swift; sourceTree = "<group>"; };
		8C8006072B1EFF7A004512F9 /* CustomCheckbox.swift */ = {isa = PBXFileReference; lastKnownFileType = sourcecode.swift; path = CustomCheckbox.swift; sourceTree = "<group>"; };
		8C8006092B1F10DB004512F9 /* LoginViewModel.swift */ = {isa = PBXFileReference; lastKnownFileType = sourcecode.swift; path = LoginViewModel.swift; sourceTree = "<group>"; };
		8C80060D2B209705004512F9 /* MovieLog.entitlements */ = {isa = PBXFileReference; lastKnownFileType = text.plist.entitlements; path = MovieLog.entitlements; sourceTree = "<group>"; };
		8C80060E2B20D8A5004512F9 /* AppleAuthentication.swift */ = {isa = PBXFileReference; lastKnownFileType = sourcecode.swift; path = AppleAuthentication.swift; sourceTree = "<group>"; };
		8C86B7B92B60FBD4003F70AA /* CalendarViewModel.swift */ = {isa = PBXFileReference; lastKnownFileType = sourcecode.swift; path = CalendarViewModel.swift; sourceTree = "<group>"; };
		8C9D8B722B7D1F9F0079D79F /* SettingViewModel.swift */ = {isa = PBXFileReference; lastKnownFileType = sourcecode.swift; path = SettingViewModel.swift; sourceTree = "<group>"; };
		8CA7B08E2B85B44600297F3F /* AuthManager.swift */ = {isa = PBXFileReference; lastKnownFileType = sourcecode.swift; path = AuthManager.swift; sourceTree = "<group>"; };
		8CB935BB2B5165CE00D001A5 /* CustomPosterButton.swift */ = {isa = PBXFileReference; lastKnownFileType = sourcecode.swift; path = CustomPosterButton.swift; sourceTree = "<group>"; };
		8CBC6AD12B73C668007F4949 /* SettingViewController.swift */ = {isa = PBXFileReference; lastKnownFileType = sourcecode.swift; path = SettingViewController.swift; sourceTree = "<group>"; };
		8CC4EB242B457278002B51E0 /* MovieInputFormHeaderView.swift */ = {isa = PBXFileReference; lastKnownFileType = sourcecode.swift; path = MovieInputFormHeaderView.swift; sourceTree = "<group>"; };
		8CC4EB262B472E7E002B51E0 /* WriteViewModel.swift */ = {isa = PBXFileReference; lastKnownFileType = sourcecode.swift; path = WriteViewModel.swift; sourceTree = "<group>"; };
		8CC4EB282B49358D002B51E0 /* Poster.swift */ = {isa = PBXFileReference; lastKnownFileType = sourcecode.swift; path = Poster.swift; sourceTree = "<group>"; };
		8CC4EB2A2B49544C002B51E0 /* Review.swift */ = {isa = PBXFileReference; lastKnownFileType = sourcecode.swift; path = Review.swift; sourceTree = "<group>"; };
		8CC4EB2C2B495BD6002B51E0 /* HomeViewModel.swift */ = {isa = PBXFileReference; lastKnownFileType = sourcecode.swift; path = HomeViewModel.swift; sourceTree = "<group>"; };
		8CC4EB2F2B497AD0002B51E0 /* ReviewService.swift */ = {isa = PBXFileReference; lastKnownFileType = sourcecode.swift; path = ReviewService.swift; sourceTree = "<group>"; };
		8CC5E94D2BBE6321009557A8 /* BoxOffice.swift */ = {isa = PBXFileReference; lastKnownFileType = sourcecode.swift; path = BoxOffice.swift; sourceTree = "<group>"; };
		8CC5E9502BBE6D5C009557A8 /* BoxOfficeViewModel.swift */ = {isa = PBXFileReference; lastKnownFileType = sourcecode.swift; path = BoxOfficeViewModel.swift; sourceTree = "<group>"; };
		8CC5E9522BC6CB28009557A8 /* LoadingCell.swift */ = {isa = PBXFileReference; lastKnownFileType = sourcecode.swift; path = LoadingCell.swift; sourceTree = "<group>"; };
		8CC5E9562BC91E34009557A8 /* en */ = {isa = PBXFileReference; lastKnownFileType = text.plist.strings; name = en; path = en.lproj/Localizable.strings; sourceTree = "<group>"; };
		8CC5E9582BC920DE009557A8 /* ko */ = {isa = PBXFileReference; lastKnownFileType = text.plist.strings; name = ko; path = ko.lproj/LaunchScreen.strings; sourceTree = "<group>"; };
		8CC5E9592BC920DE009557A8 /* ko */ = {isa = PBXFileReference; lastKnownFileType = text.plist.strings; name = ko; path = ko.lproj/Localizable.strings; sourceTree = "<group>"; };
		8CC7551D2B11DC61003FB4ED /* SignUpViewModel.swift */ = {isa = PBXFileReference; lastKnownFileType = sourcecode.swift; path = SignUpViewModel.swift; sourceTree = "<group>"; };
		8CC755202B11DFDE003FB4ED /* String+Extension.swift */ = {isa = PBXFileReference; lastKnownFileType = sourcecode.swift; path = "String+Extension.swift"; sourceTree = "<group>"; };
		8CC755222B18EE53003FB4ED /* UITextField+Extension.swift */ = {isa = PBXFileReference; lastKnownFileType = sourcecode.swift; path = "UITextField+Extension.swift"; sourceTree = "<group>"; };
		8CC755242B19BA9C003FB4ED /* CustomLabel.swift */ = {isa = PBXFileReference; lastKnownFileType = sourcecode.swift; path = CustomLabel.swift; sourceTree = "<group>"; };
		8CECBC982B32A31500FE6EA7 /* HomeCell.swift */ = {isa = PBXFileReference; lastKnownFileType = sourcecode.swift; path = HomeCell.swift; sourceTree = "<group>"; };
		8CECBC9E2B345C5F00FE6EA7 /* SearchViewController.swift */ = {isa = PBXFileReference; lastKnownFileType = sourcecode.swift; path = SearchViewController.swift; sourceTree = "<group>"; };
		8CECBCA02B345CEC00FE6EA7 /* SearchCell.swift */ = {isa = PBXFileReference; lastKnownFileType = sourcecode.swift; path = SearchCell.swift; sourceTree = "<group>"; };
		8CECBCA32B356AAC00FE6EA7 /* HowViewController.swift */ = {isa = PBXFileReference; lastKnownFileType = sourcecode.swift; path = HowViewController.swift; sourceTree = "<group>"; };
		8CECBCA52B356F4100FE6EA7 /* CustomLikeButton.swift */ = {isa = PBXFileReference; lastKnownFileType = sourcecode.swift; path = CustomLikeButton.swift; sourceTree = "<group>"; };
		8CECBCA72B35E19B00FE6EA7 /* WhatViewController.swift */ = {isa = PBXFileReference; lastKnownFileType = sourcecode.swift; path = WhatViewController.swift; sourceTree = "<group>"; };
		8CECBCA92B36ADAE00FE6EA7 /* CustomSelectButton.swift */ = {isa = PBXFileReference; lastKnownFileType = sourcecode.swift; path = CustomSelectButton.swift; sourceTree = "<group>"; };
		8CECBCAB2B37105500FE6EA7 /* UIImage+Extension.swift */ = {isa = PBXFileReference; lastKnownFileType = sourcecode.swift; path = "UIImage+Extension.swift"; sourceTree = "<group>"; };
		8CECBCAF2B3B0C2B00FE6EA7 /* WriteViewController.swift */ = {isa = PBXFileReference; lastKnownFileType = sourcecode.swift; path = WriteViewController.swift; sourceTree = "<group>"; };
		8CECBCB22B3D57CA00FE6EA7 /* NetworkManager.swift */ = {isa = PBXFileReference; lastKnownFileType = sourcecode.swift; path = NetworkManager.swift; sourceTree = "<group>"; };
		8CECBCB62B3D58A800FE6EA7 /* Publisher+Utils.swift */ = {isa = PBXFileReference; lastKnownFileType = sourcecode.swift; path = "Publisher+Utils.swift"; sourceTree = "<group>"; };
		8CECBCB82B3DA8AE00FE6EA7 /* URLSessionDataTaskProtocol.swift */ = {isa = PBXFileReference; lastKnownFileType = sourcecode.swift; path = URLSessionDataTaskProtocol.swift; sourceTree = "<group>"; };
		8CECBCBA2B3DA8C400FE6EA7 /* URLSessionProtocol.swift */ = {isa = PBXFileReference; lastKnownFileType = sourcecode.swift; path = URLSessionProtocol.swift; sourceTree = "<group>"; };
		8CECBCBC2B3DD4AB00FE6EA7 /* SearchViewModel.swift */ = {isa = PBXFileReference; lastKnownFileType = sourcecode.swift; path = SearchViewModel.swift; sourceTree = "<group>"; };
		8CECBCBE2B3DD79D00FE6EA7 /* Search.swift */ = {isa = PBXFileReference; lastKnownFileType = sourcecode.swift; path = Search.swift; sourceTree = "<group>"; };
		8CECBCC02B3DE03600FE6EA7 /* SearchResponse.swift */ = {isa = PBXFileReference; lastKnownFileType = sourcecode.swift; path = SearchResponse.swift; sourceTree = "<group>"; };
		8CFD0A552B6BE517001F66F4 /* ChartViewModel.swift */ = {isa = PBXFileReference; lastKnownFileType = sourcecode.swift; path = ChartViewModel.swift; sourceTree = "<group>"; };
/* End PBXFileReference section */

/* Begin PBXFrameworksBuildPhase section */
		8C6A49912B0375C000EE3AEE /* Frameworks */ = {
			isa = PBXFrameworksBuildPhase;
			buildActionMask = 2147483647;
			files = (
				8C6A49E62B078E6E00EE3AEE /* SnapKit in Frameworks */,
				8C399A8F2B1089AD00626B0D /* FirebaseAuth in Frameworks */,
				8C6A49E92B0794B100EE3AEE /* Then in Frameworks */,
				8C86B7B82B600B24003F70AA /* FSCalendar in Frameworks */,
				8CB935BA2B501BF400D001A5 /* Kingfisher in Frameworks */,
				8C399A932B1089AD00626B0D /* FirebaseFirestoreSwift in Frameworks */,
				8C399A8D2B1089AD00626B0D /* FirebaseAnalytics in Frameworks */,
				8C399A952B1089AD00626B0D /* FirebaseStorage in Frameworks */,
				8C55563E2BAC115700FA83B3 /* MovieLog_Resource.framework in Frameworks */,
				8C399A7D2B1081ED00626B0D /* Toast in Frameworks */,
				8C7966722B6B97C700A1E93D /* DGCharts in Frameworks */,
				8C399A912B1089AD00626B0D /* FirebaseFirestore in Frameworks */,
			);
			runOnlyForDeploymentPostprocessing = 0;
		};
		8C6A49A72B0375C400EE3AEE /* Frameworks */ = {
			isa = PBXFrameworksBuildPhase;
			buildActionMask = 2147483647;
			files = (
			);
			runOnlyForDeploymentPostprocessing = 0;
		};
		8C6A49B12B0375C400EE3AEE /* Frameworks */ = {
			isa = PBXFrameworksBuildPhase;
			buildActionMask = 2147483647;
			files = (
			);
			runOnlyForDeploymentPostprocessing = 0;
		};
/* End PBXFrameworksBuildPhase section */

/* Begin PBXGroup section */
		8C399A762B1077D100626B0D /* Home */ = {
			isa = PBXGroup;
			children = (
				8C5556512BAD676900FA83B3 /* View */,
				8C5556522BAD677200FA83B3 /* ViewModel */,
			);
			path = Home;
			sourceTree = "<group>";
		};
		8C399A7E2B1087EF00626B0D /* Entities */ = {
			isa = PBXGroup;
			children = (
				8C399A7F2B1087FF00626B0D /* User.swift */,
				8CECBCBE2B3DD79D00FE6EA7 /* Search.swift */,
				8CECBCC02B3DE03600FE6EA7 /* SearchResponse.swift */,
				8CC4EB282B49358D002B51E0 /* Poster.swift */,
				8CC4EB2A2B49544C002B51E0 /* Review.swift */,
				8CC5E94D2BBE6321009557A8 /* BoxOffice.swift */,
			);
			path = Entities;
			sourceTree = "<group>";
		};
		8C399A812B10884600626B0D /* Managers */ = {
			isa = PBXGroup;
			children = (
				8C399A822B10886F00626B0D /* FirebaseManager.swift */,
				8C5307F42B5958BA00B03A45 /* FirestorageManager.swift */,
				8CA7B08E2B85B44600297F3F /* AuthManager.swift */,
			);
			path = Managers;
			sourceTree = "<group>";
		};
		8C5307EE2B567CFF00B03A45 /* Tab */ = {
			isa = PBXGroup;
			children = (
				8C5307EF2B567D9300B03A45 /* TabViewController.swift */,
			);
			path = Tab;
			sourceTree = "<group>";
		};
		8C5307F12B5680B200B03A45 /* Calendar */ = {
			isa = PBXGroup;
			children = (
				8C55565A2BAD681A00FA83B3 /* View */,
				8C55565B2BAD682300FA83B3 /* ViewModel */,
			);
			path = Calendar;
			sourceTree = "<group>";
		};
		8C55562D2BAC0FFD00FA83B3 /* Products */ = {
			isa = PBXGroup;
			children = (
				8C5556312BAC0FFE00FA83B3 /* MovieLog_Resource.framework */,
			);
			name = Products;
			sourceTree = "<group>";
		};
		8C5556402BAC185E00FA83B3 /* Application */ = {
			isa = PBXGroup;
			children = (
				8C6A49972B0375C000EE3AEE /* AppDelegate.swift */,
				8C6A49992B0375C000EE3AEE /* SceneDelegate.swift */,
				8C6A49A22B0375C400EE3AEE /* LaunchScreen.storyboard */,
				8C399A6C2B106E5B00626B0D /* GoogleService-Info.plist */,
			);
			path = Application;
			sourceTree = "<group>";
		};
		8C5556412BAC188A00FA83B3 /* Presentation */ = {
			isa = PBXGroup;
			children = (
				8C5556452BAC216300FA83B3 /* Scene */,
				8C5556442BAC20F900FA83B3 /* Utils */,
			);
			path = Presentation;
			sourceTree = "<group>";
		};
		8C5556422BAC1B1100FA83B3 /* Domain */ = {
			isa = PBXGroup;
			children = (
				8C399A7E2B1087EF00626B0D /* Entities */,
			);
			path = Domain;
			sourceTree = "<group>";
		};
		8C5556432BAC208200FA83B3 /* Infrastructure */ = {
			isa = PBXGroup;
			children = (
				8C399A812B10884600626B0D /* Managers */,
			);
			path = Infrastructure;
			sourceTree = "<group>";
		};
		8C5556442BAC20F900FA83B3 /* Utils */ = {
			isa = PBXGroup;
			children = (
				8C7966632B6947E300A1E93D /* DateFormatterManager.swift */,
				8CC7551F2B11DFCC003FB4ED /* Extensions */,
			);
			path = Utils;
			sourceTree = "<group>";
		};
		8C5556452BAC216300FA83B3 /* Scene */ = {
			isa = PBXGroup;
			children = (
				8C6A49C72B04B59F00EE3AEE /* Login */,
				8C6A49F12B0C7B7000EE3AEE /* SignUp */,
				8C5307EE2B567CFF00B03A45 /* Tab */,
				8C399A762B1077D100626B0D /* Home */,
				8C5556482BAC30CE00FA83B3 /* ReviewDetail */,
				8CECBC9D2B345C3D00FE6EA7 /* Search */,
				8CC4EB232B45721A002B51E0 /* InputForm */,
				8CECBCA22B356A4800FE6EA7 /* Write */,
				8C5307F12B5680B200B03A45 /* Calendar */,
				8C7966662B6B845C00A1E93D /* Chart */,
				8CBC6AD02B73C633007F4949 /* Setting */,
				8C5556602BBC343100FA83B3 /* BoxOffice */,
				8CC755262B19BD59003FB4ED /* Custom */,
			);
			path = Scene;
			sourceTree = "<group>";
		};
		8C5556482BAC30CE00FA83B3 /* ReviewDetail */ = {
			isa = PBXGroup;
			children = (
				8C5556532BAD678800FA83B3 /* View */,
				8C5556542BAD678F00FA83B3 /* ViewModel */,
			);
			path = ReviewDetail;
			sourceTree = "<group>";
		};
		8C55564D2BAD66F000FA83B3 /* View */ = {
			isa = PBXGroup;
			children = (
				8C6A499B2B0375C000EE3AEE /* LoginViewController.swift */,
				8C6A49EF2B08AE1700EE3AEE /* InfoFindView.swift */,
				8C78DBF62B0F216C0022BCFB /* LoginHeaderView.swift */,
			);
			path = View;
			sourceTree = "<group>";
		};
		8C55564E2BAD66FA00FA83B3 /* ViewModel */ = {
			isa = PBXGroup;
			children = (
				8C8006092B1F10DB004512F9 /* LoginViewModel.swift */,
			);
			path = ViewModel;
			sourceTree = "<group>";
		};
		8C55564F2BAD673300FA83B3 /* View */ = {
			isa = PBXGroup;
			children = (
				8C6A49F22B0C7CC900EE3AEE /* SignUpViewController.swift */,
				8C78DBFC2B0F55270022BCFB /* SignUpHeaderView.swift */,
			);
			path = View;
			sourceTree = "<group>";
		};
		8C5556502BAD674600FA83B3 /* ViewModel */ = {
			isa = PBXGroup;
			children = (
				8CC7551D2B11DC61003FB4ED /* SignUpViewModel.swift */,
			);
			path = ViewModel;
			sourceTree = "<group>";
		};
		8C5556512BAD676900FA83B3 /* View */ = {
			isa = PBXGroup;
			children = (
				8C399A772B1077ED00626B0D /* HomeViewController.swift */,
				8CECBC982B32A31500FE6EA7 /* HomeCell.swift */,
				8CC5E9522BC6CB28009557A8 /* LoadingCell.swift */,
			);
			path = View;
			sourceTree = "<group>";
		};
		8C5556522BAD677200FA83B3 /* ViewModel */ = {
			isa = PBXGroup;
			children = (
				8CC4EB2C2B495BD6002B51E0 /* HomeViewModel.swift */,
			);
			path = ViewModel;
			sourceTree = "<group>";
		};
		8C5556532BAD678800FA83B3 /* View */ = {
			isa = PBXGroup;
			children = (
				8C5556492BAC30F000FA83B3 /* ReviewDetailViewController.swift */,
			);
			path = View;
			sourceTree = "<group>";
		};
		8C5556542BAD678F00FA83B3 /* ViewModel */ = {
			isa = PBXGroup;
			children = (
				8C55564B2BAC4FAE00FA83B3 /* ReviewDetailViewModel.swift */,
			);
			path = ViewModel;
			sourceTree = "<group>";
		};
		8C5556552BAD67A400FA83B3 /* View */ = {
			isa = PBXGroup;
			children = (
				8CECBC9E2B345C5F00FE6EA7 /* SearchViewController.swift */,
				8CECBCA02B345CEC00FE6EA7 /* SearchCell.swift */,
			);
			path = View;
			sourceTree = "<group>";
		};
		8C5556562BAD67AC00FA83B3 /* ViewModel */ = {
			isa = PBXGroup;
			children = (
				8CECBCBC2B3DD4AB00FE6EA7 /* SearchViewModel.swift */,
			);
			path = ViewModel;
			sourceTree = "<group>";
		};
		8C5556582BAD67FA00FA83B3 /* View */ = {
			isa = PBXGroup;
			children = (
				8CECBCA32B356AAC00FE6EA7 /* HowViewController.swift */,
				8CECBCA52B356F4100FE6EA7 /* CustomLikeButton.swift */,
				8CECBCA72B35E19B00FE6EA7 /* WhatViewController.swift */,
				8CECBCA92B36ADAE00FE6EA7 /* CustomSelectButton.swift */,
				8CECBCAF2B3B0C2B00FE6EA7 /* WriteViewController.swift */,
			);
			path = View;
			sourceTree = "<group>";
		};
		8C5556592BAD680500FA83B3 /* ViewModel */ = {
			isa = PBXGroup;
			children = (
				8CC4EB262B472E7E002B51E0 /* WriteViewModel.swift */,
			);
			path = ViewModel;
			sourceTree = "<group>";
		};
		8C55565A2BAD681A00FA83B3 /* View */ = {
			isa = PBXGroup;
			children = (
				8C5307F22B56A61700B03A45 /* CalendarViewController.swift */,
				8C7966612B6260A600A1E93D /* CalendarCell.swift */,
			);
			path = View;
			sourceTree = "<group>";
		};
		8C55565B2BAD682300FA83B3 /* ViewModel */ = {
			isa = PBXGroup;
			children = (
				8C86B7B92B60FBD4003F70AA /* CalendarViewModel.swift */,
			);
			path = ViewModel;
			sourceTree = "<group>";
		};
		8C55565C2BAD684900FA83B3 /* View */ = {
			isa = PBXGroup;
			children = (
				8C7966672B6B86EA00A1E93D /* ChartViewController.swift */,
			);
			path = View;
			sourceTree = "<group>";
		};
		8C55565D2BAD685400FA83B3 /* ViewModel */ = {
			isa = PBXGroup;
			children = (
				8CFD0A552B6BE517001F66F4 /* ChartViewModel.swift */,
			);
			path = ViewModel;
			sourceTree = "<group>";
		};
		8C55565E2BAD686D00FA83B3 /* View */ = {
			isa = PBXGroup;
			children = (
				8CBC6AD12B73C668007F4949 /* SettingViewController.swift */,
			);
			path = View;
			sourceTree = "<group>";
		};
		8C55565F2BAD687600FA83B3 /* ViewModel */ = {
			isa = PBXGroup;
			children = (
				8C9D8B722B7D1F9F0079D79F /* SettingViewModel.swift */,
			);
			name = ViewModel;
			sourceTree = "<group>";
		};
		8C5556602BBC343100FA83B3 /* BoxOffice */ = {
			isa = PBXGroup;
			children = (
				8C5556632BBC349B00FA83B3 /* View */,
				8CC5E94F2BBE6D3F009557A8 /* ViewModel */,
			);
			path = BoxOffice;
			sourceTree = "<group>";
		};
		8C5556632BBC349B00FA83B3 /* View */ = {
			isa = PBXGroup;
			children = (
				8C5556612BBC348C00FA83B3 /* BoxOfficeViewController.swift */,
				8C5556642BBD454400FA83B3 /* BoxOfficeCell.swift */,
			);
			path = View;
			sourceTree = "<group>";
		};
		8C6A498B2B0375C000EE3AEE = {
			isa = PBXGroup;
			children = (
				8C6A49962B0375C000EE3AEE /* MovieLog */,
				8C6A49AD2B0375C400EE3AEE /* MovieLogTests */,
				8C6A49B72B0375C400EE3AEE /* MovieLogUITests */,
				8C6A49952B0375C000EE3AEE /* Products */,
				8C7966732B6BA82B00A1E93D /* Frameworks */,
			);
			sourceTree = "<group>";
		};
		8C6A49952B0375C000EE3AEE /* Products */ = {
			isa = PBXGroup;
			children = (
				8C6A49942B0375C000EE3AEE /* MovieLog.app */,
				8C6A49AA2B0375C400EE3AEE /* MovieLogTests.xctest */,
				8C6A49B42B0375C400EE3AEE /* MovieLogUITests.xctest */,
			);
			name = Products;
			sourceTree = "<group>";
		};
		8C6A49962B0375C000EE3AEE /* MovieLog */ = {
			isa = PBXGroup;
			children = (
				8C55562C2BAC0FFD00FA83B3 /* MovieLog_Resource.xcodeproj */,
				8C5556402BAC185E00FA83B3 /* Application */,
				8C5556412BAC188A00FA83B3 /* Presentation */,
				8C5556422BAC1B1100FA83B3 /* Domain */,
				8C5556432BAC208200FA83B3 /* Infrastructure */,
				8CC4EB2E2B497AAF002B51E0 /* Service */,
				8CECBCB12B3D579600FE6EA7 /* Network */,
				8C6A49EA2B079CF800EE3AEE /* Utils */,
				8CC5E9542BC91E0B009557A8 /* Localization */,
				8C80060D2B209705004512F9 /* MovieLog.entitlements */,
				8C6A49A52B0375C400EE3AEE /* Info.plist */,
			);
			path = MovieLog;
			sourceTree = "<group>";
		};
		8C6A49AD2B0375C400EE3AEE /* MovieLogTests */ = {
			isa = PBXGroup;
			children = (
				8C6A49AE2B0375C400EE3AEE /* MovieLogTests.swift */,
				8C2451792B1B5668007B33B4 /* SignUpViewModelTests.swift */,
			);
			path = MovieLogTests;
			sourceTree = "<group>";
		};
		8C6A49B72B0375C400EE3AEE /* MovieLogUITests */ = {
			isa = PBXGroup;
			children = (
				8C6A49B82B0375C400EE3AEE /* MovieLogUITests.swift */,
				8C6A49BA2B0375C400EE3AEE /* MovieLogUITestsLaunchTests.swift */,
			);
			path = MovieLogUITests;
			sourceTree = "<group>";
		};
		8C6A49C72B04B59F00EE3AEE /* Login */ = {
			isa = PBXGroup;
			children = (
				8C55564D2BAD66F000FA83B3 /* View */,
				8C55564E2BAD66FA00FA83B3 /* ViewModel */,
			);
			path = Login;
			sourceTree = "<group>";
		};
		8C6A49EA2B079CF800EE3AEE /* Utils */ = {
			isa = PBXGroup;
			children = (
				8C6A49EB2B079D1700EE3AEE /* ContentViewPreview.swift */,
				8C78DBF42B0E435D0022BCFB /* ControlEventPublisher.swift */,
				8C80060E2B20D8A5004512F9 /* AppleAuthentication.swift */,
				8CECBCB62B3D58A800FE6EA7 /* Publisher+Utils.swift */,
			);
			path = Utils;
			sourceTree = "<group>";
		};
		8C6A49F12B0C7B7000EE3AEE /* SignUp */ = {
			isa = PBXGroup;
			children = (
				8C55564F2BAD673300FA83B3 /* View */,
				8C5556502BAD674600FA83B3 /* ViewModel */,
			);
			path = SignUp;
			sourceTree = "<group>";
		};
		8C7966662B6B845C00A1E93D /* Chart */ = {
			isa = PBXGroup;
			children = (
				8C55565C2BAD684900FA83B3 /* View */,
				8C55565D2BAD685400FA83B3 /* ViewModel */,
			);
			path = Chart;
			sourceTree = "<group>";
		};
		8C7966732B6BA82B00A1E93D /* Frameworks */ = {
			isa = PBXGroup;
			children = (
			);
			name = Frameworks;
			sourceTree = "<group>";
		};
		8CBC6AD02B73C633007F4949 /* Setting */ = {
			isa = PBXGroup;
			children = (
				8C55565E2BAD686D00FA83B3 /* View */,
				8C55565F2BAD687600FA83B3 /* ViewModel */,
			);
			path = Setting;
			sourceTree = "<group>";
		};
		8CC4EB232B45721A002B51E0 /* InputForm */ = {
			isa = PBXGroup;
			children = (
				8C3004972B4518F100E0AAD8 /* MovieInputFormViewController.swift */,
				8CC4EB242B457278002B51E0 /* MovieInputFormHeaderView.swift */,
				8C3004992B45323800E0AAD8 /* CustomInputFormLabel.swift */,
				8C30049B2B454E1B00E0AAD8 /* CustomInputFormTextField.swift */,
				8CB935BB2B5165CE00D001A5 /* CustomPosterButton.swift */,
			);
			path = InputForm;
			sourceTree = "<group>";
		};
		8CC4EB2E2B497AAF002B51E0 /* Service */ = {
			isa = PBXGroup;
			children = (
				8CC4EB2F2B497AD0002B51E0 /* ReviewService.swift */,
			);
			path = Service;
			sourceTree = "<group>";
		};
		8CC5E94F2BBE6D3F009557A8 /* ViewModel */ = {
			isa = PBXGroup;
			children = (
				8CC5E9502BBE6D5C009557A8 /* BoxOfficeViewModel.swift */,
			);
			path = ViewModel;
			sourceTree = "<group>";
		};
		8CC5E9542BC91E0B009557A8 /* Localization */ = {
			isa = PBXGroup;
			children = (
				8CC5E9552BC91E34009557A8 /* Localizable.strings */,
			);
			path = Localization;
			sourceTree = "<group>";
		};
		8CC7551F2B11DFCC003FB4ED /* Extensions */ = {
			isa = PBXGroup;
			children = (
				8CC755202B11DFDE003FB4ED /* String+Extension.swift */,
				8CC755222B18EE53003FB4ED /* UITextField+Extension.swift */,
				8CECBCAB2B37105500FE6EA7 /* UIImage+Extension.swift */,
			);
			path = Extensions;
			sourceTree = "<group>";
		};
		8CC755262B19BD59003FB4ED /* Custom */ = {
			isa = PBXGroup;
			children = (
				8C78DBF82B0F2B0B0022BCFB /* CustomTextField.swift */,
				8CC755242B19BA9C003FB4ED /* CustomLabel.swift */,
				8C2451772B1A2CE1007B33B4 /* CustomStackView.swift */,
				8C8006072B1EFF7A004512F9 /* CustomCheckbox.swift */,
				8C78DBFA2B0F39B30022BCFB /* CustomButton.swift */,
			);
			path = Custom;
			sourceTree = "<group>";
		};
		8CECBC9D2B345C3D00FE6EA7 /* Search */ = {
			isa = PBXGroup;
			children = (
				8C5556552BAD67A400FA83B3 /* View */,
				8C5556562BAD67AC00FA83B3 /* ViewModel */,
			);
			path = Search;
			sourceTree = "<group>";
		};
		8CECBCA22B356A4800FE6EA7 /* Write */ = {
			isa = PBXGroup;
			children = (
				8C5556582BAD67FA00FA83B3 /* View */,
				8C5556592BAD680500FA83B3 /* ViewModel */,
			);
			path = Write;
			sourceTree = "<group>";
		};
		8CECBCB12B3D579600FE6EA7 /* Network */ = {
			isa = PBXGroup;
			children = (
				8CECBCB82B3DA8AE00FE6EA7 /* URLSessionDataTaskProtocol.swift */,
				8CECBCBA2B3DA8C400FE6EA7 /* URLSessionProtocol.swift */,
				8CECBCB22B3D57CA00FE6EA7 /* NetworkManager.swift */,
				8C30048D2B3EE73500E0AAD8 /* EndPoint.swift */,
				8C30048F2B3EE74D00E0AAD8 /* APIRequest.swift */,
				8C3004912B3EE77900E0AAD8 /* APIComponents.swift */,
			);
			path = Network;
			sourceTree = "<group>";
		};
/* End PBXGroup section */

/* Begin PBXNativeTarget section */
		8C6A49932B0375C000EE3AEE /* MovieLog */ = {
			isa = PBXNativeTarget;
			buildConfigurationList = 8C6A49BE2B0375C500EE3AEE /* Build configuration list for PBXNativeTarget "MovieLog" */;
			buildPhases = (
				8C6A49902B0375C000EE3AEE /* Sources */,
				8C6A49912B0375C000EE3AEE /* Frameworks */,
				8C6A49922B0375C000EE3AEE /* Resources */,
				8C9AF3C72BAAC5C2007D4F9C /* Embed Frameworks */,
			);
			buildRules = (
			);
			dependencies = (
			);
			name = MovieLog;
			packageProductDependencies = (
				8C6A49E52B078E6E00EE3AEE /* SnapKit */,
				8C6A49E82B0794B100EE3AEE /* Then */,
				8C399A7C2B1081ED00626B0D /* Toast */,
				8C399A8C2B1089AD00626B0D /* FirebaseAnalytics */,
				8C399A8E2B1089AD00626B0D /* FirebaseAuth */,
				8C399A902B1089AD00626B0D /* FirebaseFirestore */,
				8C399A922B1089AD00626B0D /* FirebaseFirestoreSwift */,
				8C399A942B1089AD00626B0D /* FirebaseStorage */,
				8CB935B92B501BF400D001A5 /* Kingfisher */,
				8C86B7B72B600B24003F70AA /* FSCalendar */,
				8C7966712B6B97C700A1E93D /* DGCharts */,
			);
			productName = MovieLog;
			productReference = 8C6A49942B0375C000EE3AEE /* MovieLog.app */;
			productType = "com.apple.product-type.application";
		};
		8C6A49A92B0375C400EE3AEE /* MovieLogTests */ = {
			isa = PBXNativeTarget;
			buildConfigurationList = 8C6A49C12B0375C500EE3AEE /* Build configuration list for PBXNativeTarget "MovieLogTests" */;
			buildPhases = (
				8C6A49A62B0375C400EE3AEE /* Sources */,
				8C6A49A72B0375C400EE3AEE /* Frameworks */,
				8C6A49A82B0375C400EE3AEE /* Resources */,
			);
			buildRules = (
			);
			dependencies = (
				8C6A49AC2B0375C400EE3AEE /* PBXTargetDependency */,
			);
			name = MovieLogTests;
			productName = MovieLogTests;
			productReference = 8C6A49AA2B0375C400EE3AEE /* MovieLogTests.xctest */;
			productType = "com.apple.product-type.bundle.unit-test";
		};
		8C6A49B32B0375C400EE3AEE /* MovieLogUITests */ = {
			isa = PBXNativeTarget;
			buildConfigurationList = 8C6A49C42B0375C500EE3AEE /* Build configuration list for PBXNativeTarget "MovieLogUITests" */;
			buildPhases = (
				8C6A49B02B0375C400EE3AEE /* Sources */,
				8C6A49B12B0375C400EE3AEE /* Frameworks */,
				8C6A49B22B0375C400EE3AEE /* Resources */,
			);
			buildRules = (
			);
			dependencies = (
				8C6A49B62B0375C400EE3AEE /* PBXTargetDependency */,
			);
			name = MovieLogUITests;
			productName = MovieLogUITests;
			productReference = 8C6A49B42B0375C400EE3AEE /* MovieLogUITests.xctest */;
			productType = "com.apple.product-type.bundle.ui-testing";
		};
/* End PBXNativeTarget section */

/* Begin PBXProject section */
		8C6A498C2B0375C000EE3AEE /* Project object */ = {
			isa = PBXProject;
			attributes = {
				BuildIndependentTargetsInParallel = 1;
				LastSwiftUpdateCheck = 1500;
				LastUpgradeCheck = 1500;
				TargetAttributes = {
					8C6A49932B0375C000EE3AEE = {
						CreatedOnToolsVersion = 15.0;
					};
					8C6A49A92B0375C400EE3AEE = {
						CreatedOnToolsVersion = 15.0;
						TestTargetID = 8C6A49932B0375C000EE3AEE;
					};
					8C6A49B32B0375C400EE3AEE = {
						CreatedOnToolsVersion = 15.0;
						TestTargetID = 8C6A49932B0375C000EE3AEE;
					};
				};
			};
			buildConfigurationList = 8C6A498F2B0375C000EE3AEE /* Build configuration list for PBXProject "MovieLog" */;
			compatibilityVersion = "Xcode 14.0";
			developmentRegion = en;
			hasScannedForEncodings = 0;
			knownRegions = (
				en,
				Base,
				ko,
			);
			mainGroup = 8C6A498B2B0375C000EE3AEE;
			packageReferences = (
				8C6A49E42B078E6E00EE3AEE /* XCRemoteSwiftPackageReference "SnapKit" */,
				8C6A49E72B0794B100EE3AEE /* XCRemoteSwiftPackageReference "Then" */,
				8C399A7B2B1081ED00626B0D /* XCRemoteSwiftPackageReference "Toast-Swift" */,
				8C399A8B2B1089AD00626B0D /* XCRemoteSwiftPackageReference "firebase-ios-sdk" */,
				8CB935B82B501BF400D001A5 /* XCRemoteSwiftPackageReference "Kingfisher" */,
				8C86B7B62B600B24003F70AA /* XCRemoteSwiftPackageReference "FSCalendar" */,
				8C79666E2B6B95AC00A1E93D /* XCRemoteSwiftPackageReference "Charts" */,
			);
			productRefGroup = 8C6A49952B0375C000EE3AEE /* Products */;
			projectDirPath = "";
			projectReferences = (
				{
					ProductGroup = 8C55562D2BAC0FFD00FA83B3 /* Products */;
					ProjectRef = 8C55562C2BAC0FFD00FA83B3 /* MovieLog_Resource.xcodeproj */;
				},
			);
			projectRoot = "";
			targets = (
				8C6A49932B0375C000EE3AEE /* MovieLog */,
				8C6A49A92B0375C400EE3AEE /* MovieLogTests */,
				8C6A49B32B0375C400EE3AEE /* MovieLogUITests */,
			);
		};
/* End PBXProject section */

/* Begin PBXReferenceProxy section */
		8C5556312BAC0FFE00FA83B3 /* MovieLog_Resource.framework */ = {
			isa = PBXReferenceProxy;
			fileType = wrapper.framework;
			path = MovieLog_Resource.framework;
			remoteRef = 8C5556302BAC0FFE00FA83B3 /* PBXContainerItemProxy */;
			sourceTree = BUILT_PRODUCTS_DIR;
		};
/* End PBXReferenceProxy section */

/* Begin PBXResourcesBuildPhase section */
		8C6A49922B0375C000EE3AEE /* Resources */ = {
			isa = PBXResourcesBuildPhase;
			buildActionMask = 2147483647;
			files = (
				8C6A49A42B0375C400EE3AEE /* LaunchScreen.storyboard in Resources */,
				8CC5E9572BC91E34009557A8 /* Localizable.strings in Resources */,
				8C399A6D2B106E5B00626B0D /* GoogleService-Info.plist in Resources */,
			);
			runOnlyForDeploymentPostprocessing = 0;
		};
		8C6A49A82B0375C400EE3AEE /* Resources */ = {
			isa = PBXResourcesBuildPhase;
			buildActionMask = 2147483647;
			files = (
			);
			runOnlyForDeploymentPostprocessing = 0;
		};
		8C6A49B22B0375C400EE3AEE /* Resources */ = {
			isa = PBXResourcesBuildPhase;
			buildActionMask = 2147483647;
			files = (
			);
			runOnlyForDeploymentPostprocessing = 0;
		};
/* End PBXResourcesBuildPhase section */

/* Begin PBXSourcesBuildPhase section */
		8C6A49902B0375C000EE3AEE /* Sources */ = {
			isa = PBXSourcesBuildPhase;
			buildActionMask = 2147483647;
			files = (
				8C30048E2B3EE73500E0AAD8 /* EndPoint.swift in Sources */,
				8C5307F52B5958BA00B03A45 /* FirestorageManager.swift in Sources */,
				8CECBCBB2B3DA8C400FE6EA7 /* URLSessionProtocol.swift in Sources */,
				8C399A802B1087FF00626B0D /* User.swift in Sources */,
				8C30049C2B454E1B00E0AAD8 /* CustomInputFormTextField.swift in Sources */,
				8C5307F02B567D9300B03A45 /* TabViewController.swift in Sources */,
				8C3004922B3EE77900E0AAD8 /* APIComponents.swift in Sources */,
				8C55564C2BAC4FAE00FA83B3 /* ReviewDetailViewModel.swift in Sources */,
				8C5307F32B56A61700B03A45 /* CalendarViewController.swift in Sources */,
				8CECBCA42B356AAC00FE6EA7 /* HowViewController.swift in Sources */,
				8C86B7BA2B60FBD4003F70AA /* CalendarViewModel.swift in Sources */,
				8CB935BC2B5165CE00D001A5 /* CustomPosterButton.swift in Sources */,
				8CA7B08F2B85B44600297F3F /* AuthManager.swift in Sources */,
				8CC4EB292B49358D002B51E0 /* Poster.swift in Sources */,
				8CECBCB72B3D58A800FE6EA7 /* Publisher+Utils.swift in Sources */,
				8C9D8B732B7D1F9F0079D79F /* SettingViewModel.swift in Sources */,
				8CECBCBD2B3DD4AB00FE6EA7 /* SearchViewModel.swift in Sources */,
				8CC755252B19BA9C003FB4ED /* CustomLabel.swift in Sources */,
				8C5556622BBC348C00FA83B3 /* BoxOfficeViewController.swift in Sources */,
				8C7966622B6260A600A1E93D /* CalendarCell.swift in Sources */,
				8CC5E9512BBE6D5C009557A8 /* BoxOfficeViewModel.swift in Sources */,
				8C30049A2B45323800E0AAD8 /* CustomInputFormLabel.swift in Sources */,
				8CECBCB92B3DA8AE00FE6EA7 /* URLSessionDataTaskProtocol.swift in Sources */,
				8C78DBF72B0F216C0022BCFB /* LoginHeaderView.swift in Sources */,
				8CC755212B11DFDE003FB4ED /* String+Extension.swift in Sources */,
				8CECBCB02B3B0C2B00FE6EA7 /* WriteViewController.swift in Sources */,
				8C399A832B10887000626B0D /* FirebaseManager.swift in Sources */,
				8C55564A2BAC30F000FA83B3 /* ReviewDetailViewController.swift in Sources */,
				8CECBC992B32A31500FE6EA7 /* HomeCell.swift in Sources */,
				8C6A499C2B0375C000EE3AEE /* LoginViewController.swift in Sources */,
				8C78DBF92B0F2B0B0022BCFB /* CustomTextField.swift in Sources */,
				8CECBCB32B3D57CA00FE6EA7 /* NetworkManager.swift in Sources */,
				8C78DBFD2B0F55270022BCFB /* SignUpHeaderView.swift in Sources */,
				8C6A49F32B0C7CC900EE3AEE /* SignUpViewController.swift in Sources */,
				8CC4EB252B457278002B51E0 /* MovieInputFormHeaderView.swift in Sources */,
				8CC4EB2D2B495BD6002B51E0 /* HomeViewModel.swift in Sources */,
				8CECBCAA2B36ADAE00FE6EA7 /* CustomSelectButton.swift in Sources */,
				8C7966682B6B86EA00A1E93D /* ChartViewController.swift in Sources */,
				8CC7551E2B11DC61003FB4ED /* SignUpViewModel.swift in Sources */,
				8CECBCA12B345CEC00FE6EA7 /* SearchCell.swift in Sources */,
				8CECBCA62B356F4100FE6EA7 /* CustomLikeButton.swift in Sources */,
				8CBC6AD22B73C668007F4949 /* SettingViewController.swift in Sources */,
				8C7966642B6947E300A1E93D /* DateFormatterManager.swift in Sources */,
				8CC755232B18EE53003FB4ED /* UITextField+Extension.swift in Sources */,
				8C2451782B1A2CE1007B33B4 /* CustomStackView.swift in Sources */,
				8C6A49EC2B079D1700EE3AEE /* ContentViewPreview.swift in Sources */,
				8C78DBF52B0E435D0022BCFB /* ControlEventPublisher.swift in Sources */,
				8CC4EB272B472E7E002B51E0 /* WriteViewModel.swift in Sources */,
				8CECBCC12B3DE03600FE6EA7 /* SearchResponse.swift in Sources */,
				8CECBCA82B35E19B00FE6EA7 /* WhatViewController.swift in Sources */,
				8C80060F2B20D8A5004512F9 /* AppleAuthentication.swift in Sources */,
				8CECBCAC2B37105500FE6EA7 /* UIImage+Extension.swift in Sources */,
				8CC5E9532BC6CB29009557A8 /* LoadingCell.swift in Sources */,
				8CC4EB302B497AD0002B51E0 /* ReviewService.swift in Sources */,
				8C6A49F02B08AE1700EE3AEE /* InfoFindView.swift in Sources */,
				8CFD0A562B6BE517001F66F4 /* ChartViewModel.swift in Sources */,
				8C6A49982B0375C000EE3AEE /* AppDelegate.swift in Sources */,
				8CECBCBF2B3DD79D00FE6EA7 /* Search.swift in Sources */,
				8CECBC9F2B345C5F00FE6EA7 /* SearchViewController.swift in Sources */,
				8CC5E94E2BBE6321009557A8 /* BoxOffice.swift in Sources */,
				8C3004982B4518F100E0AAD8 /* MovieInputFormViewController.swift in Sources */,
				8CC4EB2B2B49544C002B51E0 /* Review.swift in Sources */,
				8C6A499A2B0375C000EE3AEE /* SceneDelegate.swift in Sources */,
				8C8006082B1EFF7A004512F9 /* CustomCheckbox.swift in Sources */,
				8C78DBFB2B0F39B30022BCFB /* CustomButton.swift in Sources */,
				8C399A782B1077ED00626B0D /* HomeViewController.swift in Sources */,
				8C5556652BBD454400FA83B3 /* BoxOfficeCell.swift in Sources */,
				8C3004902B3EE74D00E0AAD8 /* APIRequest.swift in Sources */,
				8C80060A2B1F10DB004512F9 /* LoginViewModel.swift in Sources */,
			);
			runOnlyForDeploymentPostprocessing = 0;
		};
		8C6A49A62B0375C400EE3AEE /* Sources */ = {
			isa = PBXSourcesBuildPhase;
			buildActionMask = 2147483647;
			files = (
				8C24517A2B1B5668007B33B4 /* SignUpViewModelTests.swift in Sources */,
				8C6A49AF2B0375C400EE3AEE /* MovieLogTests.swift in Sources */,
			);
			runOnlyForDeploymentPostprocessing = 0;
		};
		8C6A49B02B0375C400EE3AEE /* Sources */ = {
			isa = PBXSourcesBuildPhase;
			buildActionMask = 2147483647;
			files = (
				8C6A49BB2B0375C400EE3AEE /* MovieLogUITestsLaunchTests.swift in Sources */,
				8C6A49B92B0375C400EE3AEE /* MovieLogUITests.swift in Sources */,
			);
			runOnlyForDeploymentPostprocessing = 0;
		};
/* End PBXSourcesBuildPhase section */

/* Begin PBXTargetDependency section */
		8C6A49AC2B0375C400EE3AEE /* PBXTargetDependency */ = {
			isa = PBXTargetDependency;
			target = 8C6A49932B0375C000EE3AEE /* MovieLog */;
			targetProxy = 8C6A49AB2B0375C400EE3AEE /* PBXContainerItemProxy */;
		};
		8C6A49B62B0375C400EE3AEE /* PBXTargetDependency */ = {
			isa = PBXTargetDependency;
			target = 8C6A49932B0375C000EE3AEE /* MovieLog */;
			targetProxy = 8C6A49B52B0375C400EE3AEE /* PBXContainerItemProxy */;
		};
/* End PBXTargetDependency section */

/* Begin PBXVariantGroup section */
		8C6A49A22B0375C400EE3AEE /* LaunchScreen.storyboard */ = {
			isa = PBXVariantGroup;
			children = (
				8C6A49A32B0375C400EE3AEE /* Base */,
				8CC5E9582BC920DE009557A8 /* ko */,
			);
			name = LaunchScreen.storyboard;
			sourceTree = "<group>";
		};
		8CC5E9552BC91E34009557A8 /* Localizable.strings */ = {
			isa = PBXVariantGroup;
			children = (
				8CC5E9562BC91E34009557A8 /* en */,
				8CC5E9592BC920DE009557A8 /* ko */,
			);
			name = Localizable.strings;
			sourceTree = "<group>";
		};
/* End PBXVariantGroup section */

/* Begin XCBuildConfiguration section */
		8C6A49BC2B0375C400EE3AEE /* Debug */ = {
			isa = XCBuildConfiguration;
			buildSettings = {
				ALWAYS_SEARCH_USER_PATHS = NO;
				ASSETCATALOG_COMPILER_GENERATE_SWIFT_ASSET_SYMBOL_EXTENSIONS = YES;
				CLANG_ANALYZER_LOCALIZABILITY_NONLOCALIZED = YES;
				CLANG_ANALYZER_NONNULL = YES;
				CLANG_ANALYZER_NUMBER_OBJECT_CONVERSION = YES_AGGRESSIVE;
				CLANG_CXX_LANGUAGE_STANDARD = "gnu++20";
				CLANG_ENABLE_MODULES = YES;
				CLANG_ENABLE_OBJC_ARC = YES;
				CLANG_ENABLE_OBJC_WEAK = YES;
				CLANG_WARN_BLOCK_CAPTURE_AUTORELEASING = YES;
				CLANG_WARN_BOOL_CONVERSION = YES;
				CLANG_WARN_COMMA = YES;
				CLANG_WARN_CONSTANT_CONVERSION = YES;
				CLANG_WARN_DEPRECATED_OBJC_IMPLEMENTATIONS = YES;
				CLANG_WARN_DIRECT_OBJC_ISA_USAGE = YES_ERROR;
				CLANG_WARN_DOCUMENTATION_COMMENTS = YES;
				CLANG_WARN_EMPTY_BODY = YES;
				CLANG_WARN_ENUM_CONVERSION = YES;
				CLANG_WARN_INFINITE_RECURSION = YES;
				CLANG_WARN_INT_CONVERSION = YES;
				CLANG_WARN_NON_LITERAL_NULL_CONVERSION = YES;
				CLANG_WARN_OBJC_IMPLICIT_RETAIN_SELF = YES;
				CLANG_WARN_OBJC_LITERAL_CONVERSION = YES;
				CLANG_WARN_OBJC_ROOT_CLASS = YES_ERROR;
				CLANG_WARN_QUOTED_INCLUDE_IN_FRAMEWORK_HEADER = YES;
				CLANG_WARN_RANGE_LOOP_ANALYSIS = YES;
				CLANG_WARN_STRICT_PROTOTYPES = YES;
				CLANG_WARN_SUSPICIOUS_MOVE = YES;
				CLANG_WARN_UNGUARDED_AVAILABILITY = YES_AGGRESSIVE;
				CLANG_WARN_UNREACHABLE_CODE = YES;
				CLANG_WARN__DUPLICATE_METHOD_MATCH = YES;
				COPY_PHASE_STRIP = NO;
				DEBUG_INFORMATION_FORMAT = dwarf;
				ENABLE_STRICT_OBJC_MSGSEND = YES;
				ENABLE_TESTABILITY = YES;
				ENABLE_USER_SCRIPT_SANDBOXING = YES;
				GCC_C_LANGUAGE_STANDARD = gnu17;
				GCC_DYNAMIC_NO_PIC = NO;
				GCC_NO_COMMON_BLOCKS = YES;
				GCC_OPTIMIZATION_LEVEL = 0;
				GCC_PREPROCESSOR_DEFINITIONS = (
					"DEBUG=1",
					"$(inherited)",
				);
				"GCC_PREPROCESSOR_DEFINITIONS[arch=*]" = "";
				GCC_WARN_64_TO_32_BIT_CONVERSION = YES;
				GCC_WARN_ABOUT_RETURN_TYPE = YES_ERROR;
				GCC_WARN_UNDECLARED_SELECTOR = YES;
				GCC_WARN_UNINITIALIZED_AUTOS = YES_AGGRESSIVE;
				GCC_WARN_UNUSED_FUNCTION = YES;
				GCC_WARN_UNUSED_VARIABLE = YES;
				IPHONEOS_DEPLOYMENT_TARGET = 15.0;
				LOCALIZATION_PREFERS_STRING_CATALOGS = YES;
				MTL_ENABLE_DEBUG_INFO = INCLUDE_SOURCE;
				MTL_FAST_MATH = YES;
				ONLY_ACTIVE_ARCH = YES;
				SDKROOT = iphoneos;
				SWIFT_ACTIVE_COMPILATION_CONDITIONS = "DEBUG $(inherited)";
				SWIFT_OPTIMIZATION_LEVEL = "-Onone";
			};
			name = Debug;
		};
		8C6A49BD2B0375C400EE3AEE /* Release */ = {
			isa = XCBuildConfiguration;
			buildSettings = {
				ALWAYS_SEARCH_USER_PATHS = NO;
				ASSETCATALOG_COMPILER_GENERATE_SWIFT_ASSET_SYMBOL_EXTENSIONS = YES;
				CLANG_ANALYZER_LOCALIZABILITY_NONLOCALIZED = YES;
				CLANG_ANALYZER_NONNULL = YES;
				CLANG_ANALYZER_NUMBER_OBJECT_CONVERSION = YES_AGGRESSIVE;
				CLANG_CXX_LANGUAGE_STANDARD = "gnu++20";
				CLANG_ENABLE_MODULES = YES;
				CLANG_ENABLE_OBJC_ARC = YES;
				CLANG_ENABLE_OBJC_WEAK = YES;
				CLANG_WARN_BLOCK_CAPTURE_AUTORELEASING = YES;
				CLANG_WARN_BOOL_CONVERSION = YES;
				CLANG_WARN_COMMA = YES;
				CLANG_WARN_CONSTANT_CONVERSION = YES;
				CLANG_WARN_DEPRECATED_OBJC_IMPLEMENTATIONS = YES;
				CLANG_WARN_DIRECT_OBJC_ISA_USAGE = YES_ERROR;
				CLANG_WARN_DOCUMENTATION_COMMENTS = YES;
				CLANG_WARN_EMPTY_BODY = YES;
				CLANG_WARN_ENUM_CONVERSION = YES;
				CLANG_WARN_INFINITE_RECURSION = YES;
				CLANG_WARN_INT_CONVERSION = YES;
				CLANG_WARN_NON_LITERAL_NULL_CONVERSION = YES;
				CLANG_WARN_OBJC_IMPLICIT_RETAIN_SELF = YES;
				CLANG_WARN_OBJC_LITERAL_CONVERSION = YES;
				CLANG_WARN_OBJC_ROOT_CLASS = YES_ERROR;
				CLANG_WARN_QUOTED_INCLUDE_IN_FRAMEWORK_HEADER = YES;
				CLANG_WARN_RANGE_LOOP_ANALYSIS = YES;
				CLANG_WARN_STRICT_PROTOTYPES = YES;
				CLANG_WARN_SUSPICIOUS_MOVE = YES;
				CLANG_WARN_UNGUARDED_AVAILABILITY = YES_AGGRESSIVE;
				CLANG_WARN_UNREACHABLE_CODE = YES;
				CLANG_WARN__DUPLICATE_METHOD_MATCH = YES;
				COPY_PHASE_STRIP = NO;
				DEBUG_INFORMATION_FORMAT = "dwarf-with-dsym";
				ENABLE_NS_ASSERTIONS = NO;
				ENABLE_STRICT_OBJC_MSGSEND = YES;
				ENABLE_USER_SCRIPT_SANDBOXING = YES;
				GCC_C_LANGUAGE_STANDARD = gnu17;
				GCC_NO_COMMON_BLOCKS = YES;
				GCC_WARN_64_TO_32_BIT_CONVERSION = YES;
				GCC_WARN_ABOUT_RETURN_TYPE = YES_ERROR;
				GCC_WARN_UNDECLARED_SELECTOR = YES;
				GCC_WARN_UNINITIALIZED_AUTOS = YES_AGGRESSIVE;
				GCC_WARN_UNUSED_FUNCTION = YES;
				GCC_WARN_UNUSED_VARIABLE = YES;
				IPHONEOS_DEPLOYMENT_TARGET = 15.0;
				LOCALIZATION_PREFERS_STRING_CATALOGS = YES;
				MTL_ENABLE_DEBUG_INFO = NO;
				MTL_FAST_MATH = YES;
				SDKROOT = iphoneos;
				SWIFT_COMPILATION_MODE = wholemodule;
				VALIDATE_PRODUCT = YES;
			};
			name = Release;
		};
		8C6A49BF2B0375C500EE3AEE /* Debug */ = {
			isa = XCBuildConfiguration;
			buildSettings = {
				ASSETCATALOG_COMPILER_APPICON_NAME = AppIcon;
				ASSETCATALOG_COMPILER_GLOBAL_ACCENT_COLOR_NAME = AccentColor;
				CODE_SIGN_ENTITLEMENTS = MovieLog/MovieLog.entitlements;
				CODE_SIGN_STYLE = Automatic;
				CURRENT_PROJECT_VERSION = 1;
				DEVELOPMENT_TEAM = AH24YSXN5M;
				GCC_PREPROCESSOR_DEFINITIONS = "DEBUG=1";
				"GCC_PREPROCESSOR_DEFINITIONS[arch=*]" = "FLEXLAYOUT_SWIFT_PACKAGE=1";
				GENERATE_INFOPLIST_FILE = YES;
				INFOPLIST_FILE = MovieLog/Info.plist;
				INFOPLIST_KEY_UIApplicationSupportsIndirectInputEvents = YES;
				INFOPLIST_KEY_UILaunchStoryboardName = LaunchScreen;
				INFOPLIST_KEY_UISupportedInterfaceOrientations_iPad = "UIInterfaceOrientationPortrait UIInterfaceOrientationPortraitUpsideDown UIInterfaceOrientationLandscapeLeft UIInterfaceOrientationLandscapeRight";
				INFOPLIST_KEY_UISupportedInterfaceOrientations_iPhone = "UIInterfaceOrientationPortrait UIInterfaceOrientationLandscapeLeft UIInterfaceOrientationLandscapeRight";
				LD_RUNPATH_SEARCH_PATHS = (
					"$(inherited)",
					"@executable_path/Frameworks",
				);
				MARKETING_VERSION = 1.0;
				PRODUCT_BUNDLE_IDENTIFIER = com.kang.MovieLog;
				PRODUCT_NAME = "$(TARGET_NAME)";
				SWIFT_EMIT_LOC_STRINGS = YES;
				SWIFT_VERSION = 5.0;
				TARGETED_DEVICE_FAMILY = "1,2";
			};
			name = Debug;
		};
		8C6A49C02B0375C500EE3AEE /* Release */ = {
			isa = XCBuildConfiguration;
			buildSettings = {
				ASSETCATALOG_COMPILER_APPICON_NAME = AppIcon;
				ASSETCATALOG_COMPILER_GLOBAL_ACCENT_COLOR_NAME = AccentColor;
				CODE_SIGN_ENTITLEMENTS = MovieLog/MovieLog.entitlements;
				CODE_SIGN_STYLE = Automatic;
				CURRENT_PROJECT_VERSION = 1;
				DEVELOPMENT_TEAM = AH24YSXN5M;
				GCC_PREPROCESSOR_DEFINITIONS = "";
				"GCC_PREPROCESSOR_DEFINITIONS[arch=*]" = "FLEXLAYOUT_SWIFT_PACKAGE=1";
				GENERATE_INFOPLIST_FILE = YES;
				INFOPLIST_FILE = MovieLog/Info.plist;
				INFOPLIST_KEY_UIApplicationSupportsIndirectInputEvents = YES;
				INFOPLIST_KEY_UILaunchStoryboardName = LaunchScreen;
				INFOPLIST_KEY_UISupportedInterfaceOrientations_iPad = "UIInterfaceOrientationPortrait UIInterfaceOrientationPortraitUpsideDown UIInterfaceOrientationLandscapeLeft UIInterfaceOrientationLandscapeRight";
				INFOPLIST_KEY_UISupportedInterfaceOrientations_iPhone = "UIInterfaceOrientationPortrait UIInterfaceOrientationLandscapeLeft UIInterfaceOrientationLandscapeRight";
				LD_RUNPATH_SEARCH_PATHS = (
					"$(inherited)",
					"@executable_path/Frameworks",
				);
				MARKETING_VERSION = 1.0;
				PRODUCT_BUNDLE_IDENTIFIER = com.kang.MovieLog;
				PRODUCT_NAME = "$(TARGET_NAME)";
				SWIFT_EMIT_LOC_STRINGS = YES;
				SWIFT_VERSION = 5.0;
				TARGETED_DEVICE_FAMILY = "1,2";
			};
			name = Release;
		};
		8C6A49C22B0375C500EE3AEE /* Debug */ = {
			isa = XCBuildConfiguration;
			buildSettings = {
				ALWAYS_EMBED_SWIFT_STANDARD_LIBRARIES = YES;
				BUNDLE_LOADER = "$(TEST_HOST)";
				CODE_SIGN_STYLE = Automatic;
				CURRENT_PROJECT_VERSION = 1;
				DEVELOPMENT_TEAM = AH24YSXN5M;
				GENERATE_INFOPLIST_FILE = YES;
				IPHONEOS_DEPLOYMENT_TARGET = 17.0;
				MARKETING_VERSION = 1.0;
				PRODUCT_BUNDLE_IDENTIFIER = com.kang.MovieLogTests;
				PRODUCT_NAME = "$(TARGET_NAME)";
				SWIFT_EMIT_LOC_STRINGS = NO;
				SWIFT_VERSION = 5.0;
				TARGETED_DEVICE_FAMILY = "1,2";
				TEST_HOST = "$(BUILT_PRODUCTS_DIR)/MovieLog.app/$(BUNDLE_EXECUTABLE_FOLDER_PATH)/MovieLog";
			};
			name = Debug;
		};
		8C6A49C32B0375C500EE3AEE /* Release */ = {
			isa = XCBuildConfiguration;
			buildSettings = {
				ALWAYS_EMBED_SWIFT_STANDARD_LIBRARIES = YES;
				BUNDLE_LOADER = "$(TEST_HOST)";
				CODE_SIGN_STYLE = Automatic;
				CURRENT_PROJECT_VERSION = 1;
				DEVELOPMENT_TEAM = AH24YSXN5M;
				GENERATE_INFOPLIST_FILE = YES;
				IPHONEOS_DEPLOYMENT_TARGET = 17.0;
				MARKETING_VERSION = 1.0;
				PRODUCT_BUNDLE_IDENTIFIER = com.kang.MovieLogTests;
				PRODUCT_NAME = "$(TARGET_NAME)";
				SWIFT_EMIT_LOC_STRINGS = NO;
				SWIFT_VERSION = 5.0;
				TARGETED_DEVICE_FAMILY = "1,2";
				TEST_HOST = "$(BUILT_PRODUCTS_DIR)/MovieLog.app/$(BUNDLE_EXECUTABLE_FOLDER_PATH)/MovieLog";
			};
			name = Release;
		};
		8C6A49C52B0375C500EE3AEE /* Debug */ = {
			isa = XCBuildConfiguration;
			buildSettings = {
				ALWAYS_EMBED_SWIFT_STANDARD_LIBRARIES = YES;
				CODE_SIGN_STYLE = Automatic;
				CURRENT_PROJECT_VERSION = 1;
				DEVELOPMENT_TEAM = AH24YSXN5M;
				GENERATE_INFOPLIST_FILE = YES;
				MARKETING_VERSION = 1.0;
				PRODUCT_BUNDLE_IDENTIFIER = com.kang.MovieLogUITests;
				PRODUCT_NAME = "$(TARGET_NAME)";
				SWIFT_EMIT_LOC_STRINGS = NO;
				SWIFT_VERSION = 5.0;
				TARGETED_DEVICE_FAMILY = "1,2";
				TEST_TARGET_NAME = MovieLog;
			};
			name = Debug;
		};
		8C6A49C62B0375C500EE3AEE /* Release */ = {
			isa = XCBuildConfiguration;
			buildSettings = {
				ALWAYS_EMBED_SWIFT_STANDARD_LIBRARIES = YES;
				CODE_SIGN_STYLE = Automatic;
				CURRENT_PROJECT_VERSION = 1;
				DEVELOPMENT_TEAM = AH24YSXN5M;
				GENERATE_INFOPLIST_FILE = YES;
				MARKETING_VERSION = 1.0;
				PRODUCT_BUNDLE_IDENTIFIER = com.kang.MovieLogUITests;
				PRODUCT_NAME = "$(TARGET_NAME)";
				SWIFT_EMIT_LOC_STRINGS = NO;
				SWIFT_VERSION = 5.0;
				TARGETED_DEVICE_FAMILY = "1,2";
				TEST_TARGET_NAME = MovieLog;
			};
			name = Release;
		};
/* End XCBuildConfiguration section */

/* Begin XCConfigurationList section */
		8C6A498F2B0375C000EE3AEE /* Build configuration list for PBXProject "MovieLog" */ = {
			isa = XCConfigurationList;
			buildConfigurations = (
				8C6A49BC2B0375C400EE3AEE /* Debug */,
				8C6A49BD2B0375C400EE3AEE /* Release */,
			);
			defaultConfigurationIsVisible = 0;
			defaultConfigurationName = Release;
		};
		8C6A49BE2B0375C500EE3AEE /* Build configuration list for PBXNativeTarget "MovieLog" */ = {
			isa = XCConfigurationList;
			buildConfigurations = (
				8C6A49BF2B0375C500EE3AEE /* Debug */,
				8C6A49C02B0375C500EE3AEE /* Release */,
			);
			defaultConfigurationIsVisible = 0;
			defaultConfigurationName = Release;
		};
		8C6A49C12B0375C500EE3AEE /* Build configuration list for PBXNativeTarget "MovieLogTests" */ = {
			isa = XCConfigurationList;
			buildConfigurations = (
				8C6A49C22B0375C500EE3AEE /* Debug */,
				8C6A49C32B0375C500EE3AEE /* Release */,
			);
			defaultConfigurationIsVisible = 0;
			defaultConfigurationName = Release;
		};
		8C6A49C42B0375C500EE3AEE /* Build configuration list for PBXNativeTarget "MovieLogUITests" */ = {
			isa = XCConfigurationList;
			buildConfigurations = (
				8C6A49C52B0375C500EE3AEE /* Debug */,
				8C6A49C62B0375C500EE3AEE /* Release */,
			);
			defaultConfigurationIsVisible = 0;
			defaultConfigurationName = Release;
		};
/* End XCConfigurationList section */

/* Begin XCRemoteSwiftPackageReference section */
		8C399A7B2B1081ED00626B0D /* XCRemoteSwiftPackageReference "Toast-Swift" */ = {
			isa = XCRemoteSwiftPackageReference;
			repositoryURL = "https://github.com/scalessec/Toast-Swift";
			requirement = {
				kind = upToNextMajorVersion;
				minimumVersion = 5.0.1;
			};
		};
		8C399A8B2B1089AD00626B0D /* XCRemoteSwiftPackageReference "firebase-ios-sdk" */ = {
			isa = XCRemoteSwiftPackageReference;
			repositoryURL = "https://github.com/firebase/firebase-ios-sdk.git";
			requirement = {
				kind = upToNextMajorVersion;
				minimumVersion = 10.18.0;
			};
		};
		8C6A49E42B078E6E00EE3AEE /* XCRemoteSwiftPackageReference "SnapKit" */ = {
			isa = XCRemoteSwiftPackageReference;
			repositoryURL = "https://github.com/SnapKit/SnapKit";
			requirement = {
				kind = exactVersion;
				version = 5.0.1;
			};
		};
		8C6A49E72B0794B100EE3AEE /* XCRemoteSwiftPackageReference "Then" */ = {
			isa = XCRemoteSwiftPackageReference;
			repositoryURL = "https://github.com/devxoul/Then";
			requirement = {
				kind = upToNextMajorVersion;
				minimumVersion = 2.0.0;
			};
		};
		8C79666E2B6B95AC00A1E93D /* XCRemoteSwiftPackageReference "Charts" */ = {
			isa = XCRemoteSwiftPackageReference;
			repositoryURL = "https://github.com/danielgindi/Charts";
			requirement = {
				kind = upToNextMajorVersion;
				minimumVersion = 5.0.0;
			};
		};
		8C86B7B62B600B24003F70AA /* XCRemoteSwiftPackageReference "FSCalendar" */ = {
			isa = XCRemoteSwiftPackageReference;
			repositoryURL = "https://github.com/WenchaoD/FSCalendar";
			requirement = {
				kind = upToNextMajorVersion;
				minimumVersion = 2.8.4;
			};
		};
		8CB935B82B501BF400D001A5 /* XCRemoteSwiftPackageReference "Kingfisher" */ = {
			isa = XCRemoteSwiftPackageReference;
			repositoryURL = "https://github.com/onevcat/Kingfisher.git";
			requirement = {
				kind = upToNextMajorVersion;
				minimumVersion = 7.10.1;
			};
		};
/* End XCRemoteSwiftPackageReference section */

/* Begin XCSwiftPackageProductDependency section */
		8C399A7C2B1081ED00626B0D /* Toast */ = {
			isa = XCSwiftPackageProductDependency;
			package = 8C399A7B2B1081ED00626B0D /* XCRemoteSwiftPackageReference "Toast-Swift" */;
			productName = Toast;
		};
		8C399A8C2B1089AD00626B0D /* FirebaseAnalytics */ = {
			isa = XCSwiftPackageProductDependency;
			package = 8C399A8B2B1089AD00626B0D /* XCRemoteSwiftPackageReference "firebase-ios-sdk" */;
			productName = FirebaseAnalytics;
		};
		8C399A8E2B1089AD00626B0D /* FirebaseAuth */ = {
			isa = XCSwiftPackageProductDependency;
			package = 8C399A8B2B1089AD00626B0D /* XCRemoteSwiftPackageReference "firebase-ios-sdk" */;
			productName = FirebaseAuth;
		};
		8C399A902B1089AD00626B0D /* FirebaseFirestore */ = {
			isa = XCSwiftPackageProductDependency;
			package = 8C399A8B2B1089AD00626B0D /* XCRemoteSwiftPackageReference "firebase-ios-sdk" */;
			productName = FirebaseFirestore;
		};
		8C399A922B1089AD00626B0D /* FirebaseFirestoreSwift */ = {
			isa = XCSwiftPackageProductDependency;
			package = 8C399A8B2B1089AD00626B0D /* XCRemoteSwiftPackageReference "firebase-ios-sdk" */;
			productName = FirebaseFirestoreSwift;
		};
		8C399A942B1089AD00626B0D /* FirebaseStorage */ = {
			isa = XCSwiftPackageProductDependency;
			package = 8C399A8B2B1089AD00626B0D /* XCRemoteSwiftPackageReference "firebase-ios-sdk" */;
			productName = FirebaseStorage;
		};
		8C6A49E52B078E6E00EE3AEE /* SnapKit */ = {
			isa = XCSwiftPackageProductDependency;
			package = 8C6A49E42B078E6E00EE3AEE /* XCRemoteSwiftPackageReference "SnapKit" */;
			productName = SnapKit;
		};
		8C6A49E82B0794B100EE3AEE /* Then */ = {
			isa = XCSwiftPackageProductDependency;
			package = 8C6A49E72B0794B100EE3AEE /* XCRemoteSwiftPackageReference "Then" */;
			productName = Then;
		};
		8C7966712B6B97C700A1E93D /* DGCharts */ = {
			isa = XCSwiftPackageProductDependency;
			productName = DGCharts;
		};
		8C86B7B72B600B24003F70AA /* FSCalendar */ = {
			isa = XCSwiftPackageProductDependency;
			package = 8C86B7B62B600B24003F70AA /* XCRemoteSwiftPackageReference "FSCalendar" */;
			productName = FSCalendar;
		};
		8CB935B92B501BF400D001A5 /* Kingfisher */ = {
			isa = XCSwiftPackageProductDependency;
			package = 8CB935B82B501BF400D001A5 /* XCRemoteSwiftPackageReference "Kingfisher" */;
			productName = Kingfisher;
		};
/* End XCSwiftPackageProductDependency section */
	};
	rootObject = 8C6A498C2B0375C000EE3AEE /* Project object */;
}
